// !$*UTF8*$!
{
	archiveVersion = 1;
	classes = {
	};
	objectVersion = 46;
	objects = {

/* Begin PBXBuildFile section */
		5572E0345FC86F5A63639D61 /* Mask.swift in Sources */ = {isa = PBXBuildFile; fileRef = 5572E50A35AC8B8E858AD766 /* Mask.swift */; };
		5572E04685E27415A8E8B1C3 /* Brightness.swift in Sources */ = {isa = PBXBuildFile; fileRef = 5572EE10796600007503FDAF /* Brightness.swift */; };
		5572E05DB3D3F868EDC9B928 /* FilterListViewController.swift in Sources */ = {isa = PBXBuildFile; fileRef = 5572E7C39A3B976963D3E953 /* FilterListViewController.swift */; };
		5572E082E7C4A350021C2275 /* ColorPosterize.swift in Sources */ = {isa = PBXBuildFile; fileRef = 5572EFCDE2C1F4EB8469CE62 /* ColorPosterize.swift */; };
		5572E08A0ABC2D5646155C5E /* CIMaskToAlpha.swift in Sources */ = {isa = PBXBuildFile; fileRef = 5572EFD97FC6ECB49668A241 /* CIMaskToAlpha.swift */; };
		5572E09D0886A391E344502A /* MinimumCompositing.swift in Sources */ = {isa = PBXBuildFile; fileRef = 5572E22944B39C63771FA39E /* MinimumCompositing.swift */; };
		5572E0ABA40A406A2D39CC34 /* MultiplyBlendMode.swift in Sources */ = {isa = PBXBuildFile; fileRef = 5572E1DA529BE8123C6364DB /* MultiplyBlendMode.swift */; };
		5572E0C8EE9DC5CC6FEC11C1 /* SourceAtopCompositing.swift in Sources */ = {isa = PBXBuildFile; fileRef = 5572EF53E3C51658B631C280 /* SourceAtopCompositing.swift */; };
		5572E0D16E6E07242C0C1612 /* ExclusionBlendMode.swift in Sources */ = {isa = PBXBuildFile; fileRef = 5572EC443CC0CD8634F4C838 /* ExclusionBlendMode.swift */; };
		5572E0D495D2E23B8D30E754 /* ColorClamp.swift in Sources */ = {isa = PBXBuildFile; fileRef = 5572EBCA3688D978DBE4C84B /* ColorClamp.swift */; };
		5572E0E973ED700415D3AD8C /* MaximumCompositing.swift in Sources */ = {isa = PBXBuildFile; fileRef = 5572E1D5AD8AEBD200392E84 /* MaximumCompositing.swift */; };
		5572E10ADEEFFFE50434DF27 /* PhotoEffectMono.swift in Sources */ = {isa = PBXBuildFile; fileRef = 5572EFE975D2527C42EBA8D0 /* PhotoEffectMono.swift */; };
		5572E10B4AE1E6A7CD9D4B55 /* Radius.swift in Sources */ = {isa = PBXBuildFile; fileRef = 5572E81DA177A8D7EA9F024B /* Radius.swift */; };
		5572E12A6986253086A56956 /* ColorBlendMode.swift in Sources */ = {isa = PBXBuildFile; fileRef = 5572E6831EA28A79FD1750BF /* ColorBlendMode.swift */; };
		5572E14FDD2F7ABB385DDC31 /* Polynomial.swift in Sources */ = {isa = PBXBuildFile; fileRef = 5572E939C1CEF078F4B76144 /* Polynomial.swift */; };
		5572E15D85D44DC8FA723ABB /* SepiaTone.swift in Sources */ = {isa = PBXBuildFile; fileRef = 5572ED29ADE436D19057FD55 /* SepiaTone.swift */; };
		5572E16EAE0493D41390DAFF /* Amount.swift in Sources */ = {isa = PBXBuildFile; fileRef = 5572E5138F77156B349F332C /* Amount.swift */; };
		5572E173EF72824053E44945 /* LuminosityBlendMode.swift in Sources */ = {isa = PBXBuildFile; fileRef = 5572E728F529493E4CFFBCA5 /* LuminosityBlendMode.swift */; };
		5572E18F4957AE4ADDDB0FC6 /* MinimumComponent.swift in Sources */ = {isa = PBXBuildFile; fileRef = 5572E8C4D7F802DFACD72289 /* MinimumComponent.swift */; };
		5572E192CD4DFDBCD8586B78 /* Width.swift in Sources */ = {isa = PBXBuildFile; fileRef = 5572E50B17D8DEFC00EF803C /* Width.swift */; };
		5572E1F1FB03AE49700D1933 /* MaskedVariableBlur.swift in Sources */ = {isa = PBXBuildFile; fileRef = 5572EF1084F4920C7C14377E /* MaskedVariableBlur.swift */; };
		5572E24050C284EC980F42FD /* ExposureAdjust.swift in Sources */ = {isa = PBXBuildFile; fileRef = 5572E210C53C4CC47229B752 /* ExposureAdjust.swift */; };
		5572E26C1D311A48E188ED1F /* NoiseReduction.swift in Sources */ = {isa = PBXBuildFile; fileRef = 5572EF3C50B06545D124A7F7 /* NoiseReduction.swift */; };
		5572E276276D1D4993A00CD1 /* PhotoEffectTonal.swift in Sources */ = {isa = PBXBuildFile; fileRef = 5572E58A4A123D0340A2C966 /* PhotoEffectTonal.swift */; };
		5572E2B93231D80E6FCF67A0 /* HoleDistortion.swift in Sources */ = {isa = PBXBuildFile; fileRef = 5572E1821AA87C997FB917A5 /* HoleDistortion.swift */; };
		5572E2EA1552850AEAA03F3E /* AdditionCompositing.swift in Sources */ = {isa = PBXBuildFile; fileRef = 5572EF940DA596BDB4A362DE /* AdditionCompositing.swift */; };
		5572E2F737C7BE74860F6909 /* SRGBToneCurveToLinear.swift in Sources */ = {isa = PBXBuildFile; fileRef = 5572E3DDE01D540D4FE34E66 /* SRGBToneCurveToLinear.swift */; };
		5572E3538B47ACA70FB3250E /* LinearToSRGBToneCurve.swift in Sources */ = {isa = PBXBuildFile; fileRef = 5572EBE9C343126D4737D04F /* LinearToSRGBToneCurve.swift */; };
		5572E35E26C9676A2FAB7892 /* LinearDodgeBlendMode.swift in Sources */ = {isa = PBXBuildFile; fileRef = 5572E2D3B72FCAB35BBD17B1 /* LinearDodgeBlendMode.swift */; };
		5572E369A8846435F79D3B29 /* Color.swift in Sources */ = {isa = PBXBuildFile; fileRef = 5572E8D3B05BBE1CAEAFA750 /* Color.swift */; };
		5572E37F5B98BA07B943E9EE /* GaussianBlur.swift in Sources */ = {isa = PBXBuildFile; fileRef = 5572E32F3B12535463AE2684 /* GaussianBlur.swift */; };
		5572E38CDCE6BAF3225876CD /* PhotoEffectNoir.swift in Sources */ = {isa = PBXBuildFile; fileRef = 5572E8592922DAB472351A3E /* PhotoEffectNoir.swift */; };
		5572E4197B373F5D249BB4A8 /* SaturationBlendMode.swift in Sources */ = {isa = PBXBuildFile; fileRef = 5572E4546231BF3520E7532C /* SaturationBlendMode.swift */; };
		5572E4492FBC6E78924112F3 /* FalseColor.swift in Sources */ = {isa = PBXBuildFile; fileRef = 5572E46634764454A370EF86 /* FalseColor.swift */; };
		5572E460D55D2684FCBD0A4A /* LaunchScreen.storyboard in Resources */ = {isa = PBXBuildFile; fileRef = 5572E3EF5DCC93DFF0BD73D1 /* LaunchScreen.storyboard */; };
		5572E47E7013439F71C5567F /* ColorDodgeBlendMode.swift in Sources */ = {isa = PBXBuildFile; fileRef = 5572E205DAD4658695DFAD48 /* ColorDodgeBlendMode.swift */; };
		5572E485680EB4A32EF01677 /* SourceOutCompositing.swift in Sources */ = {isa = PBXBuildFile; fileRef = 5572E6E29338C17788E5AEA8 /* SourceOutCompositing.swift */; };
		5572E4A85E0956F0C017937F /* VortexDistortion.swift in Sources */ = {isa = PBXBuildFile; fileRef = 5572E080484CB57E050C4B7B /* VortexDistortion.swift */; };
		5572E4B7A3DC337CBB5254E0 /* MedianFilter.swift in Sources */ = {isa = PBXBuildFile; fileRef = 5572E6E10B1D77B752249929 /* MedianFilter.swift */; };
		5572E4DBB744FB3D19C2BB0D /* Center.swift in Sources */ = {isa = PBXBuildFile; fileRef = 5572ECCE1C6DC7421FAB00A8 /* Center.swift */; };
		5572E4E2D581AF68F1833CEF /* CircleSplashDistortion.swift in Sources */ = {isa = PBXBuildFile; fileRef = 5572EAB0CE842F28597E7DAB /* CircleSplashDistortion.swift */; };
		5572E4EAE1AF4868D8E49E53 /* WhitePointAdjust.swift in Sources */ = {isa = PBXBuildFile; fileRef = 5572E3C038F8499D109F5700 /* WhitePointAdjust.swift */; };
		5572E4EBCA5116E5C1DD517A /* Droste.swift in Sources */ = {isa = PBXBuildFile; fileRef = 5572E6ED0501BEC4B6E162BB /* Droste.swift */; };
		5572E4FD8E87C99FFA643506 /* PhotoEffectChrome.swift in Sources */ = {isa = PBXBuildFile; fileRef = 5572E7B911E874EA3F546462 /* PhotoEffectChrome.swift */; };
		5572E5291840AE313BAC28A7 /* BumpDistortion.swift in Sources */ = {isa = PBXBuildFile; fileRef = 5572E9991991C5B156BF5ABA /* BumpDistortion.swift */; };
		5572E53A851C84E367BCA811 /* HardLightBlendMode.swift in Sources */ = {isa = PBXBuildFile; fileRef = 5572E3FCA8FC9B8E15CB2D36 /* HardLightBlendMode.swift */; };
		5572E544D3750DF212DF5DA0 /* Sharpness.swift in Sources */ = {isa = PBXBuildFile; fileRef = 5572ED32F5291A93CB706DAF /* Sharpness.swift */; };
		5572E5514874C5B075868DC1 /* Contrast.swift in Sources */ = {isa = PBXBuildFile; fileRef = 5572E409B393F76F1C90B00D /* Contrast.swift */; };
		5572E55D2599EAE5881C1673 /* VignetteEffect.swift in Sources */ = {isa = PBXBuildFile; fileRef = 5572ED9A0BA45CC87BDAF51A /* VignetteEffect.swift */; };
		5572E5BC657D9BC54968D6D1 /* DisplacementDistortion.swift in Sources */ = {isa = PBXBuildFile; fileRef = 5572E8B4B73AA39FB916171B /* DisplacementDistortion.swift */; };
		5572E5FCF5C0F6E617256DFA /* SubtractBlendMode.swift in Sources */ = {isa = PBXBuildFile; fileRef = 5572EF6DBDEDAE9BA04F7D30 /* SubtractBlendMode.swift */; };
		5572E613F5A067B39764A18C /* Assets.xcassets in Resources */ = {isa = PBXBuildFile; fileRef = 5572E343CD6DF030C78C89E4 /* Assets.xcassets */; };
		5572E630615BC8EEE7103947 /* MotionBlur.swift in Sources */ = {isa = PBXBuildFile; fileRef = 5572ED97C24B5CD187F52A73 /* MotionBlur.swift */; };
		5572E686D8B2D67AA9584C92 /* PhotoEffectInstant.swift in Sources */ = {isa = PBXBuildFile; fileRef = 5572ECEE8796B5D3C16FE380 /* PhotoEffectInstant.swift */; };
		5572E69BB81E665C92D0B3FC /* ColorBurnBlendMode.swift in Sources */ = {isa = PBXBuildFile; fileRef = 5572EA5AD64D19B16B39A6C6 /* ColorBurnBlendMode.swift */; };
		5572E6B12E21D8AEFC23D611 /* LinearBurnBlendMode.swift in Sources */ = {isa = PBXBuildFile; fileRef = 5572E735A6D6473416999557 /* LinearBurnBlendMode.swift */; };
		5572E6B77E2C30FECB41F54A /* StretchCrop.swift in Sources */ = {isa = PBXBuildFile; fileRef = 5572EF41E165871BF919A0B6 /* StretchCrop.swift */; };
		5572E6BB3270C58F3301158C /* BoxBlur.swift in Sources */ = {isa = PBXBuildFile; fileRef = 5572EB3BCB05C73988FE8B56 /* BoxBlur.swift */; };
		5572E6F0158E11AACB9D66A8 /* ColorMap.swift in Sources */ = {isa = PBXBuildFile; fileRef = 5572E1B1F84720BEAA6C9C09 /* ColorMap.swift */; };
		5572E70FFEF80911F1A685C9 /* Vignette.swift in Sources */ = {isa = PBXBuildFile; fileRef = 5572E0B7542156D17CE6E66A /* Vignette.swift */; };
		5572E7307C74E1ACE600CF3E /* MaximumComponent.swift in Sources */ = {isa = PBXBuildFile; fileRef = 5572EBC7750A315D0B328F1E /* MaximumComponent.swift */; };
		5572E76FCD6306208E7814D4 /* TestViewController.swift in Sources */ = {isa = PBXBuildFile; fileRef = 5572E03709F467D0CBADA2EF /* TestViewController.swift */; };
		5572E78D473333413CA39044 /* ColorCrossPolynomial.swift in Sources */ = {isa = PBXBuildFile; fileRef = 5572EF9909E3D83B39AAA078 /* ColorCrossPolynomial.swift */; };
		5572E7B34116CDF1458C6CBA /* DifferenceBlendMode.swift in Sources */ = {isa = PBXBuildFile; fileRef = 5572E3376DCEB3D9A81039CE /* DifferenceBlendMode.swift */; };
		5572E7D3953109B29B28759D /* TwirlDistortion.swift in Sources */ = {isa = PBXBuildFile; fileRef = 5572E0B57DF16E9222094123 /* TwirlDistortion.swift */; };
		5572E80ED9D7923871D104AB /* ColorInvert.swift in Sources */ = {isa = PBXBuildFile; fileRef = 5572EE4537A24361BED0ED2E /* ColorInvert.swift */; };
		5572E814D36F6368D3D74BCB /* CircularWrap.swift in Sources */ = {isa = PBXBuildFile; fileRef = 5572E5C08ED6463A3AD38193 /* CircularWrap.swift */; };
		5572E82869C96EA6BB6CD143 /* GammaAdjust.swift in Sources */ = {isa = PBXBuildFile; fileRef = 5572E250FE1AC1889C7F1D3B /* GammaAdjust.swift */; };
		5572E842441E855ADA989028 /* AppDelegate.swift in Sources */ = {isa = PBXBuildFile; fileRef = 5572E931CDC2A23736AD0D39 /* AppDelegate.swift */; };
		5572E846D50C47EADC8F031B /* SoftLightBlendMode.swift in Sources */ = {isa = PBXBuildFile; fileRef = 5572E869632DB33DD9A46E3B /* SoftLightBlendMode.swift */; };
		5572E861D37594084E27F7E0 /* PhotoEffectFade.swift in Sources */ = {isa = PBXBuildFile; fileRef = 5572E65271544F02945E7B85 /* PhotoEffectFade.swift */; };
		5572E87DEE5B28E15F07FE8A /* GlassDistortion.swift in Sources */ = {isa = PBXBuildFile; fileRef = 5572EC0F584DA308DB89481D /* GlassDistortion.swift */; };
		5572E8B8A2F0515E69682A66 /* DiscBlur.swift in Sources */ = {isa = PBXBuildFile; fileRef = 5572EAA03BC34ECF1A4471D6 /* DiscBlur.swift */; };
		5572E8F1693CF67623CE2BB0 /* ColorPolynomial.swift in Sources */ = {isa = PBXBuildFile; fileRef = 5572E7E826E24C3AD998F803 /* ColorPolynomial.swift */; };
		5572E92BD8284038E0301715 /* OverlayBlendMode.swift in Sources */ = {isa = PBXBuildFile; fileRef = 5572E0D4D34C08C1620FC1F8 /* OverlayBlendMode.swift */; };
		5572E92E0DBC51EBD6B63D21 /* PinLightBlendMode.swift in Sources */ = {isa = PBXBuildFile; fileRef = 5572E9E5F0B261A5F077A230 /* PinLightBlendMode.swift */; };
		5572E93557FBA3E7F13043C1 /* ColorControls.swift in Sources */ = {isa = PBXBuildFile; fileRef = 5572EF1345D4ADC4F5F6E7C5 /* ColorControls.swift */; };
		5572E935965BC96420A5D553 /* GlassLozenge.swift in Sources */ = {isa = PBXBuildFile; fileRef = 5572EFC1A21865DFCBBB2C05 /* GlassLozenge.swift */; };
		5572E9A0E0613730FBEFC58C /* NoiseLevel.swift in Sources */ = {isa = PBXBuildFile; fileRef = 5572EE189C385E552BA6446C /* NoiseLevel.swift */; };
		5572E9E004671F1FEFE5F22A /* SourceOverCompositing.swift in Sources */ = {isa = PBXBuildFile; fileRef = 5572EE74E49A8BC410465A9C /* SourceOverCompositing.swift */; };
		5572E9FF47B9DB74812D22F4 /* ColorMatrix.swift in Sources */ = {isa = PBXBuildFile; fileRef = 5572EA44C19275235C3C69D1 /* ColorMatrix.swift */; };
		5572EA110A55DB7B3A5DEAAB /* TorusLensDistortion.swift in Sources */ = {isa = PBXBuildFile; fileRef = 5572E823047B8BACA6F58582 /* TorusLensDistortion.swift */; };
		5572EA2E532B075DF1C6EB8A /* Cube.swift in Sources */ = {isa = PBXBuildFile; fileRef = 5572E7A64D0B9C2C5BC9F6D0 /* Cube.swift */; };
		5572EA3F3C32CBC85BF94701 /* BackgroundImage.swift in Sources */ = {isa = PBXBuildFile; fileRef = 5572E3728BA510FBBE6AB394 /* BackgroundImage.swift */; };
		5572EA488AD1543EBDACDBD9 /* Processable.swift in Sources */ = {isa = PBXBuildFile; fileRef = 5572E5189D79CEF7A0A047FA /* Processable.swift */; };
		5572EA5F9FF258977D155620 /* Scale.swift in Sources */ = {isa = PBXBuildFile; fileRef = 5572E485B44F9F70F1A43CBE /* Scale.swift */; };
		5572EA779E495FBDF4073ADF /* PinchDistortion.swift in Sources */ = {isa = PBXBuildFile; fileRef = 5572EBA547A26DCFE7EF1050 /* PinchDistortion.swift */; };
		5572EAB9A4E93650F4EB7F99 /* ToneCurve.swift in Sources */ = {isa = PBXBuildFile; fileRef = 5572EA27EA42EEB8B4505D25 /* ToneCurve.swift */; };
		5572EABCDFD98B408EF2C878 /* Info.plist in Resources */ = {isa = PBXBuildFile; fileRef = 5572E90D24AFA433EF13A385 /* Info.plist */; };
		5572EAC8A0F6F01EBDD1939D /* Main.storyboard in Resources */ = {isa = PBXBuildFile; fileRef = 5572E3EF82D48D2B1F0B3F76 /* Main.storyboard */; };
		5572EAD0738E96205C0629DC /* Intensity.swift in Sources */ = {isa = PBXBuildFile; fileRef = 5572E2543E7C7D40BDB84C70 /* Intensity.swift */; };
		5572EAD4074E2A85FD224075 /* NSNumber+Limit.swift in Sources */ = {isa = PBXBuildFile; fileRef = 5572EE259DC43D17143783A1 /* NSNumber+Limit.swift */; };
		5572EAF110BA4D7B3F95812D /* CoreImageExamTests.swift in Sources */ = {isa = PBXBuildFile; fileRef = 5572E944DD6D839D5704313A /* CoreImageExamTests.swift */; };
		5572EB12C80C6885B9017368 /* LightenBlendMode.swift in Sources */ = {isa = PBXBuildFile; fileRef = 5572E354C1278C617AD92C51 /* LightenBlendMode.swift */; };
		5572EB133934BD6B5DB0F38B /* ColorMonochrome.swift in Sources */ = {isa = PBXBuildFile; fileRef = 5572EF52BB6CB996D4A14684 /* ColorMonochrome.swift */; };
		5572EB1AB20A60889E10C250 /* GradientImage.swift in Sources */ = {isa = PBXBuildFile; fileRef = 5572E66117D6AADC72F95A08 /* GradientImage.swift */; };
		5572EB1BA3E7722F3454F7DF /* HueAdjust.swift in Sources */ = {isa = PBXBuildFile; fileRef = 5572EB0002DB5C28332CEF0A /* HueAdjust.swift */; };
		5572EB3113F0444B9A920C78 /* DivideBlendMode.swift in Sources */ = {isa = PBXBuildFile; fileRef = 5572E3CDD2B17986C0659B28 /* DivideBlendMode.swift */; };
		5572EB36D9CBE0A314A899E0 /* EV.swift in Sources */ = {isa = PBXBuildFile; fileRef = 5572E2DDD1E27913B62123C7 /* EV.swift */; };
		5572EB5ACFE7BB10243790D2 /* Refraction.swift in Sources */ = {isa = PBXBuildFile; fileRef = 5572ECBE265F8FC2290D92AF /* Refraction.swift */; };
		5572EBD90A0701D8A38051F4 /* Saturation.swift in Sources */ = {isa = PBXBuildFile; fileRef = 5572E993F2556BBA2D061B15 /* Saturation.swift */; };
		5572ECA4CC4A49750D55BB1B /* Rotation.swift in Sources */ = {isa = PBXBuildFile; fileRef = 5572E9ADCC0276770FC60439 /* Rotation.swift */; };
		5572ECAFA64FBF2C4B9F2BC7 /* MultiplyCompositing.swift in Sources */ = {isa = PBXBuildFile; fileRef = 5572EE29AB100477E26541BB /* MultiplyCompositing.swift */; };
		5572ECB40F245F98F287F46D /* ColorCube.swift in Sources */ = {isa = PBXBuildFile; fileRef = 5572EFCAA6C4D3937EA89F43 /* ColorCube.swift */; };
		5572ECD810A80480B030E396 /* ScreenBlendMode.swift in Sources */ = {isa = PBXBuildFile; fileRef = 5572E8FAFB1BB3865B8AF222 /* ScreenBlendMode.swift */; };
		5572ED0853A89CF74FD937C4 /* ColorCubeWithColorSpace.swift in Sources */ = {isa = PBXBuildFile; fileRef = 5572E26641532DDD4CD9DB16 /* ColorCubeWithColorSpace.swift */; };
		5572ED21508760217D966753 /* PhotoEffectTransfer.swift in Sources */ = {isa = PBXBuildFile; fileRef = 5572EAC9A084843E26CDAF3A /* PhotoEffectTransfer.swift */; };
		5572ED5A0F6073199FE1A455 /* BumpDistortionLinear.swift in Sources */ = {isa = PBXBuildFile; fileRef = 5572E9DD308476E622CD9C2C /* BumpDistortionLinear.swift */; };
		5572ED6C4CB9CBA41926AA60 /* ZoomBlur.swift in Sources */ = {isa = PBXBuildFile; fileRef = 5572E24035EA490FAEDEFCE1 /* ZoomBlur.swift */; };
		5572EDA87AD22F6A8DDE6991 /* HueBlendMode.swift in Sources */ = {isa = PBXBuildFile; fileRef = 5572E1DD15FD01EC045D6706 /* HueBlendMode.swift */; };
		5572EE01A10ADBB8E5023FD2 /* SourceInCompositing.swift in Sources */ = {isa = PBXBuildFile; fileRef = 5572E079F42F36E0BE2AA3BB /* SourceInCompositing.swift */; };
		5572EE98C89DFDDE6A196D62 /* DarkenBlendMode.swift in Sources */ = {isa = PBXBuildFile; fileRef = 5572E1AC4919FC67F0C09E55 /* DarkenBlendMode.swift */; };
		5572EEABFFA890CC48F462E1 /* Info.plist in Resources */ = {isa = PBXBuildFile; fileRef = 5572E285D37670721FE35D4D /* Info.plist */; };
		5572EEE052AF3E5625BA5B3A /* PhotoEffectProcess.swift in Sources */ = {isa = PBXBuildFile; fileRef = 5572EAF2034A86A340108803 /* PhotoEffectProcess.swift */; };
		5572EF19D62400EF0BF04350 /* Vibrance.swift in Sources */ = {isa = PBXBuildFile; fileRef = 5572E70006E83665741A1934 /* Vibrance.swift */; };
		5572EF5D1978DDF5777200BA /* Angle.swift in Sources */ = {isa = PBXBuildFile; fileRef = 5572EDADE6EAAE9B2EA3BA9E /* Angle.swift */; };
		5572EF97331D2CE0C6B44E14 /* TemperatureAndTint.swift in Sources */ = {isa = PBXBuildFile; fileRef = 5572E6DFB6DA81E4B3B6BDA4 /* TemperatureAndTint.swift */; };
		5572EF97FB918780A6962170 /* LightTunnel.swift in Sources */ = {isa = PBXBuildFile; fileRef = 5572EC6BAE550129A348FCBA /* LightTunnel.swift */; };
		7E174A521CD4EE9A00EEAFDE /* FilterDetailViewController.swift in Sources */ = {isa = PBXBuildFile; fileRef = 7E174A511CD4EE9A00EEAFDE /* FilterDetailViewController.swift */; };
		7E419A241CD5C1DB004C335D /* FilterAttributeCell.swift in Sources */ = {isa = PBXBuildFile; fileRef = 7E419A231CD5C1DB004C335D /* FilterAttributeCell.swift */; };
/* End PBXBuildFile section */

/* Begin PBXContainerItemProxy section */
		5572ED23FC094709F58922C4 /* PBXContainerItemProxy */ = {
			isa = PBXContainerItemProxy;
			containerPortal = 5572EA0335795221B090E538 /* Project object */;
			proxyType = 1;
			remoteGlobalIDString = 5572EE146CB6C9F79E7D45A2;
			remoteInfo = CoreImageExam;
		};
/* End PBXContainerItemProxy section */

/* Begin PBXFileReference section */
		5572E03709F467D0CBADA2EF /* TestViewController.swift */ = {isa = PBXFileReference; fileEncoding = 4; lastKnownFileType = sourcecode.swift; path = TestViewController.swift; sourceTree = "<group>"; };
		5572E079F42F36E0BE2AA3BB /* SourceInCompositing.swift */ = {isa = PBXFileReference; fileEncoding = 4; lastKnownFileType = sourcecode.swift; path = SourceInCompositing.swift; sourceTree = "<group>"; };
		5572E080484CB57E050C4B7B /* VortexDistortion.swift */ = {isa = PBXFileReference; fileEncoding = 4; lastKnownFileType = sourcecode.swift; path = VortexDistortion.swift; sourceTree = "<group>"; };
		5572E0B57DF16E9222094123 /* TwirlDistortion.swift */ = {isa = PBXFileReference; fileEncoding = 4; lastKnownFileType = sourcecode.swift; path = TwirlDistortion.swift; sourceTree = "<group>"; };
		5572E0B7542156D17CE6E66A /* Vignette.swift */ = {isa = PBXFileReference; fileEncoding = 4; lastKnownFileType = sourcecode.swift; path = Vignette.swift; sourceTree = "<group>"; };
		5572E0D4D34C08C1620FC1F8 /* OverlayBlendMode.swift */ = {isa = PBXFileReference; fileEncoding = 4; lastKnownFileType = sourcecode.swift; path = OverlayBlendMode.swift; sourceTree = "<group>"; };
		5572E1821AA87C997FB917A5 /* HoleDistortion.swift */ = {isa = PBXFileReference; fileEncoding = 4; lastKnownFileType = sourcecode.swift; path = HoleDistortion.swift; sourceTree = "<group>"; };
		5572E1AC4919FC67F0C09E55 /* DarkenBlendMode.swift */ = {isa = PBXFileReference; fileEncoding = 4; lastKnownFileType = sourcecode.swift; path = DarkenBlendMode.swift; sourceTree = "<group>"; };
		5572E1B1F84720BEAA6C9C09 /* ColorMap.swift */ = {isa = PBXFileReference; fileEncoding = 4; lastKnownFileType = sourcecode.swift; path = ColorMap.swift; sourceTree = "<group>"; };
		5572E1D5AD8AEBD200392E84 /* MaximumCompositing.swift */ = {isa = PBXFileReference; fileEncoding = 4; lastKnownFileType = sourcecode.swift; path = MaximumCompositing.swift; sourceTree = "<group>"; };
		5572E1DA529BE8123C6364DB /* MultiplyBlendMode.swift */ = {isa = PBXFileReference; fileEncoding = 4; lastKnownFileType = sourcecode.swift; path = MultiplyBlendMode.swift; sourceTree = "<group>"; };
		5572E1DD15FD01EC045D6706 /* HueBlendMode.swift */ = {isa = PBXFileReference; fileEncoding = 4; lastKnownFileType = sourcecode.swift; path = HueBlendMode.swift; sourceTree = "<group>"; };
		5572E205DAD4658695DFAD48 /* ColorDodgeBlendMode.swift */ = {isa = PBXFileReference; fileEncoding = 4; lastKnownFileType = sourcecode.swift; path = ColorDodgeBlendMode.swift; sourceTree = "<group>"; };
		5572E210C53C4CC47229B752 /* ExposureAdjust.swift */ = {isa = PBXFileReference; fileEncoding = 4; lastKnownFileType = sourcecode.swift; path = ExposureAdjust.swift; sourceTree = "<group>"; };
		5572E22944B39C63771FA39E /* MinimumCompositing.swift */ = {isa = PBXFileReference; fileEncoding = 4; lastKnownFileType = sourcecode.swift; path = MinimumCompositing.swift; sourceTree = "<group>"; };
		5572E24035EA490FAEDEFCE1 /* ZoomBlur.swift */ = {isa = PBXFileReference; fileEncoding = 4; lastKnownFileType = sourcecode.swift; path = ZoomBlur.swift; sourceTree = "<group>"; };
		5572E250FE1AC1889C7F1D3B /* GammaAdjust.swift */ = {isa = PBXFileReference; fileEncoding = 4; lastKnownFileType = sourcecode.swift; path = GammaAdjust.swift; sourceTree = "<group>"; };
		5572E2543E7C7D40BDB84C70 /* Intensity.swift */ = {isa = PBXFileReference; fileEncoding = 4; lastKnownFileType = sourcecode.swift; path = Intensity.swift; sourceTree = "<group>"; };
		5572E26641532DDD4CD9DB16 /* ColorCubeWithColorSpace.swift */ = {isa = PBXFileReference; fileEncoding = 4; lastKnownFileType = sourcecode.swift; path = ColorCubeWithColorSpace.swift; sourceTree = "<group>"; };
		5572E285D37670721FE35D4D /* Info.plist */ = {isa = PBXFileReference; lastKnownFileType = text.plist.info; path = Info.plist; sourceTree = "<group>"; };
		5572E2D3B72FCAB35BBD17B1 /* LinearDodgeBlendMode.swift */ = {isa = PBXFileReference; fileEncoding = 4; lastKnownFileType = sourcecode.swift; path = LinearDodgeBlendMode.swift; sourceTree = "<group>"; };
		5572E2DDD1E27913B62123C7 /* EV.swift */ = {isa = PBXFileReference; fileEncoding = 4; lastKnownFileType = sourcecode.swift; path = EV.swift; sourceTree = "<group>"; };
		5572E32F3B12535463AE2684 /* GaussianBlur.swift */ = {isa = PBXFileReference; fileEncoding = 4; lastKnownFileType = sourcecode.swift; path = GaussianBlur.swift; sourceTree = "<group>"; };
		5572E3376DCEB3D9A81039CE /* DifferenceBlendMode.swift */ = {isa = PBXFileReference; fileEncoding = 4; lastKnownFileType = sourcecode.swift; path = DifferenceBlendMode.swift; sourceTree = "<group>"; };
		5572E343CD6DF030C78C89E4 /* Assets.xcassets */ = {isa = PBXFileReference; lastKnownFileType = folder.assetcatalog; path = Assets.xcassets; sourceTree = "<group>"; };
		5572E354C1278C617AD92C51 /* LightenBlendMode.swift */ = {isa = PBXFileReference; fileEncoding = 4; lastKnownFileType = sourcecode.swift; path = LightenBlendMode.swift; sourceTree = "<group>"; };
		5572E3728BA510FBBE6AB394 /* BackgroundImage.swift */ = {isa = PBXFileReference; fileEncoding = 4; lastKnownFileType = sourcecode.swift; path = BackgroundImage.swift; sourceTree = "<group>"; };
		5572E3C038F8499D109F5700 /* WhitePointAdjust.swift */ = {isa = PBXFileReference; fileEncoding = 4; lastKnownFileType = sourcecode.swift; path = WhitePointAdjust.swift; sourceTree = "<group>"; };
		5572E3CDD2B17986C0659B28 /* DivideBlendMode.swift */ = {isa = PBXFileReference; fileEncoding = 4; lastKnownFileType = sourcecode.swift; path = DivideBlendMode.swift; sourceTree = "<group>"; };
		5572E3DDE01D540D4FE34E66 /* SRGBToneCurveToLinear.swift */ = {isa = PBXFileReference; fileEncoding = 4; lastKnownFileType = sourcecode.swift; path = SRGBToneCurveToLinear.swift; sourceTree = "<group>"; };
		5572E3FCA8FC9B8E15CB2D36 /* HardLightBlendMode.swift */ = {isa = PBXFileReference; fileEncoding = 4; lastKnownFileType = sourcecode.swift; path = HardLightBlendMode.swift; sourceTree = "<group>"; };
		5572E409B393F76F1C90B00D /* Contrast.swift */ = {isa = PBXFileReference; fileEncoding = 4; lastKnownFileType = sourcecode.swift; path = Contrast.swift; sourceTree = "<group>"; };
		5572E4546231BF3520E7532C /* SaturationBlendMode.swift */ = {isa = PBXFileReference; fileEncoding = 4; lastKnownFileType = sourcecode.swift; path = SaturationBlendMode.swift; sourceTree = "<group>"; };
		5572E46634764454A370EF86 /* FalseColor.swift */ = {isa = PBXFileReference; fileEncoding = 4; lastKnownFileType = sourcecode.swift; path = FalseColor.swift; sourceTree = "<group>"; };
		5572E485B44F9F70F1A43CBE /* Scale.swift */ = {isa = PBXFileReference; fileEncoding = 4; lastKnownFileType = sourcecode.swift; path = Scale.swift; sourceTree = "<group>"; };
		5572E50A35AC8B8E858AD766 /* Mask.swift */ = {isa = PBXFileReference; fileEncoding = 4; lastKnownFileType = sourcecode.swift; path = Mask.swift; sourceTree = "<group>"; };
		5572E50B17D8DEFC00EF803C /* Width.swift */ = {isa = PBXFileReference; fileEncoding = 4; lastKnownFileType = sourcecode.swift; path = Width.swift; sourceTree = "<group>"; };
		5572E5138F77156B349F332C /* Amount.swift */ = {isa = PBXFileReference; fileEncoding = 4; lastKnownFileType = sourcecode.swift; path = Amount.swift; sourceTree = "<group>"; };
		5572E5189D79CEF7A0A047FA /* Processable.swift */ = {isa = PBXFileReference; fileEncoding = 4; lastKnownFileType = sourcecode.swift; path = Processable.swift; sourceTree = "<group>"; };
		5572E58A4A123D0340A2C966 /* PhotoEffectTonal.swift */ = {isa = PBXFileReference; fileEncoding = 4; lastKnownFileType = sourcecode.swift; path = PhotoEffectTonal.swift; sourceTree = "<group>"; };
		5572E5C08ED6463A3AD38193 /* CircularWrap.swift */ = {isa = PBXFileReference; fileEncoding = 4; lastKnownFileType = sourcecode.swift; path = CircularWrap.swift; sourceTree = "<group>"; };
		5572E65271544F02945E7B85 /* PhotoEffectFade.swift */ = {isa = PBXFileReference; fileEncoding = 4; lastKnownFileType = sourcecode.swift; path = PhotoEffectFade.swift; sourceTree = "<group>"; };
		5572E66117D6AADC72F95A08 /* GradientImage.swift */ = {isa = PBXFileReference; fileEncoding = 4; lastKnownFileType = sourcecode.swift; path = GradientImage.swift; sourceTree = "<group>"; };
		5572E6623D3E9C9E85238BE8 /* CoreImageExamTests.xctest */ = {isa = PBXFileReference; explicitFileType = wrapper.cfbundle; includeInIndex = 0; path = CoreImageExamTests.xctest; sourceTree = BUILT_PRODUCTS_DIR; };
		5572E6831EA28A79FD1750BF /* ColorBlendMode.swift */ = {isa = PBXFileReference; fileEncoding = 4; lastKnownFileType = sourcecode.swift; path = ColorBlendMode.swift; sourceTree = "<group>"; };
		5572E6DFB6DA81E4B3B6BDA4 /* TemperatureAndTint.swift */ = {isa = PBXFileReference; fileEncoding = 4; lastKnownFileType = sourcecode.swift; path = TemperatureAndTint.swift; sourceTree = "<group>"; };
		5572E6E10B1D77B752249929 /* MedianFilter.swift */ = {isa = PBXFileReference; fileEncoding = 4; lastKnownFileType = sourcecode.swift; path = MedianFilter.swift; sourceTree = "<group>"; };
		5572E6E29338C17788E5AEA8 /* SourceOutCompositing.swift */ = {isa = PBXFileReference; fileEncoding = 4; lastKnownFileType = sourcecode.swift; path = SourceOutCompositing.swift; sourceTree = "<group>"; };
		5572E6ED0501BEC4B6E162BB /* Droste.swift */ = {isa = PBXFileReference; fileEncoding = 4; lastKnownFileType = sourcecode.swift; path = Droste.swift; sourceTree = "<group>"; };
		5572E70006E83665741A1934 /* Vibrance.swift */ = {isa = PBXFileReference; fileEncoding = 4; lastKnownFileType = sourcecode.swift; path = Vibrance.swift; sourceTree = "<group>"; };
		5572E728F529493E4CFFBCA5 /* LuminosityBlendMode.swift */ = {isa = PBXFileReference; fileEncoding = 4; lastKnownFileType = sourcecode.swift; path = LuminosityBlendMode.swift; sourceTree = "<group>"; };
		5572E735A6D6473416999557 /* LinearBurnBlendMode.swift */ = {isa = PBXFileReference; fileEncoding = 4; lastKnownFileType = sourcecode.swift; path = LinearBurnBlendMode.swift; sourceTree = "<group>"; };
		5572E7A64D0B9C2C5BC9F6D0 /* Cube.swift */ = {isa = PBXFileReference; fileEncoding = 4; lastKnownFileType = sourcecode.swift; path = Cube.swift; sourceTree = "<group>"; };
		5572E7B911E874EA3F546462 /* PhotoEffectChrome.swift */ = {isa = PBXFileReference; fileEncoding = 4; lastKnownFileType = sourcecode.swift; path = PhotoEffectChrome.swift; sourceTree = "<group>"; };
		5572E7C39A3B976963D3E953 /* FilterListViewController.swift */ = {isa = PBXFileReference; fileEncoding = 4; lastKnownFileType = sourcecode.swift; path = FilterListViewController.swift; sourceTree = "<group>"; };
		5572E7E826E24C3AD998F803 /* ColorPolynomial.swift */ = {isa = PBXFileReference; fileEncoding = 4; lastKnownFileType = sourcecode.swift; path = ColorPolynomial.swift; sourceTree = "<group>"; };
		5572E81DA177A8D7EA9F024B /* Radius.swift */ = {isa = PBXFileReference; fileEncoding = 4; lastKnownFileType = sourcecode.swift; path = Radius.swift; sourceTree = "<group>"; };
		5572E823047B8BACA6F58582 /* TorusLensDistortion.swift */ = {isa = PBXFileReference; fileEncoding = 4; lastKnownFileType = sourcecode.swift; path = TorusLensDistortion.swift; sourceTree = "<group>"; };
		5572E8592922DAB472351A3E /* PhotoEffectNoir.swift */ = {isa = PBXFileReference; fileEncoding = 4; lastKnownFileType = sourcecode.swift; path = PhotoEffectNoir.swift; sourceTree = "<group>"; };
		5572E869632DB33DD9A46E3B /* SoftLightBlendMode.swift */ = {isa = PBXFileReference; fileEncoding = 4; lastKnownFileType = sourcecode.swift; path = SoftLightBlendMode.swift; sourceTree = "<group>"; };
		5572E8B4B73AA39FB916171B /* DisplacementDistortion.swift */ = {isa = PBXFileReference; fileEncoding = 4; lastKnownFileType = sourcecode.swift; path = DisplacementDistortion.swift; sourceTree = "<group>"; };
		5572E8C4D7F802DFACD72289 /* MinimumComponent.swift */ = {isa = PBXFileReference; fileEncoding = 4; lastKnownFileType = sourcecode.swift; path = MinimumComponent.swift; sourceTree = "<group>"; };
		5572E8D3B05BBE1CAEAFA750 /* Color.swift */ = {isa = PBXFileReference; fileEncoding = 4; lastKnownFileType = sourcecode.swift; path = Color.swift; sourceTree = "<group>"; };
		5572E8FAFB1BB3865B8AF222 /* ScreenBlendMode.swift */ = {isa = PBXFileReference; fileEncoding = 4; lastKnownFileType = sourcecode.swift; path = ScreenBlendMode.swift; sourceTree = "<group>"; };
		5572E90D24AFA433EF13A385 /* Info.plist */ = {isa = PBXFileReference; lastKnownFileType = text.plist.info; path = Info.plist; sourceTree = "<group>"; };
		5572E931CDC2A23736AD0D39 /* AppDelegate.swift */ = {isa = PBXFileReference; lastKnownFileType = sourcecode.swift; path = AppDelegate.swift; sourceTree = "<group>"; };
		5572E939C1CEF078F4B76144 /* Polynomial.swift */ = {isa = PBXFileReference; fileEncoding = 4; lastKnownFileType = sourcecode.swift; path = Polynomial.swift; sourceTree = "<group>"; };
		5572E944DD6D839D5704313A /* CoreImageExamTests.swift */ = {isa = PBXFileReference; lastKnownFileType = sourcecode.swift; path = CoreImageExamTests.swift; sourceTree = "<group>"; };
		5572E993F2556BBA2D061B15 /* Saturation.swift */ = {isa = PBXFileReference; fileEncoding = 4; lastKnownFileType = sourcecode.swift; path = Saturation.swift; sourceTree = "<group>"; };
		5572E9991991C5B156BF5ABA /* BumpDistortion.swift */ = {isa = PBXFileReference; fileEncoding = 4; lastKnownFileType = sourcecode.swift; path = BumpDistortion.swift; sourceTree = "<group>"; };
		5572E9ADCC0276770FC60439 /* Rotation.swift */ = {isa = PBXFileReference; fileEncoding = 4; lastKnownFileType = sourcecode.swift; path = Rotation.swift; sourceTree = "<group>"; };
		5572E9DD308476E622CD9C2C /* BumpDistortionLinear.swift */ = {isa = PBXFileReference; fileEncoding = 4; lastKnownFileType = sourcecode.swift; path = BumpDistortionLinear.swift; sourceTree = "<group>"; };
		5572E9E5F0B261A5F077A230 /* PinLightBlendMode.swift */ = {isa = PBXFileReference; fileEncoding = 4; lastKnownFileType = sourcecode.swift; path = PinLightBlendMode.swift; sourceTree = "<group>"; };
		5572EA27EA42EEB8B4505D25 /* ToneCurve.swift */ = {isa = PBXFileReference; fileEncoding = 4; lastKnownFileType = sourcecode.swift; path = ToneCurve.swift; sourceTree = "<group>"; };
		5572EA44C19275235C3C69D1 /* ColorMatrix.swift */ = {isa = PBXFileReference; fileEncoding = 4; lastKnownFileType = sourcecode.swift; path = ColorMatrix.swift; sourceTree = "<group>"; };
		5572EA5AD64D19B16B39A6C6 /* ColorBurnBlendMode.swift */ = {isa = PBXFileReference; fileEncoding = 4; lastKnownFileType = sourcecode.swift; path = ColorBurnBlendMode.swift; sourceTree = "<group>"; };
		5572EAA03BC34ECF1A4471D6 /* DiscBlur.swift */ = {isa = PBXFileReference; fileEncoding = 4; lastKnownFileType = sourcecode.swift; path = DiscBlur.swift; sourceTree = "<group>"; };
		5572EAB0CE842F28597E7DAB /* CircleSplashDistortion.swift */ = {isa = PBXFileReference; fileEncoding = 4; lastKnownFileType = sourcecode.swift; path = CircleSplashDistortion.swift; sourceTree = "<group>"; };
		5572EAC9A084843E26CDAF3A /* PhotoEffectTransfer.swift */ = {isa = PBXFileReference; fileEncoding = 4; lastKnownFileType = sourcecode.swift; path = PhotoEffectTransfer.swift; sourceTree = "<group>"; };
		5572EAF2034A86A340108803 /* PhotoEffectProcess.swift */ = {isa = PBXFileReference; fileEncoding = 4; lastKnownFileType = sourcecode.swift; path = PhotoEffectProcess.swift; sourceTree = "<group>"; };
		5572EB0002DB5C28332CEF0A /* HueAdjust.swift */ = {isa = PBXFileReference; fileEncoding = 4; lastKnownFileType = sourcecode.swift; path = HueAdjust.swift; sourceTree = "<group>"; };
		5572EB3BCB05C73988FE8B56 /* BoxBlur.swift */ = {isa = PBXFileReference; fileEncoding = 4; lastKnownFileType = sourcecode.swift; path = BoxBlur.swift; sourceTree = "<group>"; };
		5572EBA547A26DCFE7EF1050 /* PinchDistortion.swift */ = {isa = PBXFileReference; fileEncoding = 4; lastKnownFileType = sourcecode.swift; path = PinchDistortion.swift; sourceTree = "<group>"; };
		5572EBC7750A315D0B328F1E /* MaximumComponent.swift */ = {isa = PBXFileReference; fileEncoding = 4; lastKnownFileType = sourcecode.swift; path = MaximumComponent.swift; sourceTree = "<group>"; };
		5572EBCA3688D978DBE4C84B /* ColorClamp.swift */ = {isa = PBXFileReference; fileEncoding = 4; lastKnownFileType = sourcecode.swift; path = ColorClamp.swift; sourceTree = "<group>"; };
		5572EBE9C343126D4737D04F /* LinearToSRGBToneCurve.swift */ = {isa = PBXFileReference; fileEncoding = 4; lastKnownFileType = sourcecode.swift; path = LinearToSRGBToneCurve.swift; sourceTree = "<group>"; };
		5572EC0F584DA308DB89481D /* GlassDistortion.swift */ = {isa = PBXFileReference; fileEncoding = 4; lastKnownFileType = sourcecode.swift; path = GlassDistortion.swift; sourceTree = "<group>"; };
		5572EC443CC0CD8634F4C838 /* ExclusionBlendMode.swift */ = {isa = PBXFileReference; fileEncoding = 4; lastKnownFileType = sourcecode.swift; path = ExclusionBlendMode.swift; sourceTree = "<group>"; };
		5572EC6BAE550129A348FCBA /* LightTunnel.swift */ = {isa = PBXFileReference; fileEncoding = 4; lastKnownFileType = sourcecode.swift; path = LightTunnel.swift; sourceTree = "<group>"; };
		5572ECBE265F8FC2290D92AF /* Refraction.swift */ = {isa = PBXFileReference; fileEncoding = 4; lastKnownFileType = sourcecode.swift; path = Refraction.swift; sourceTree = "<group>"; };
		5572ECCE1C6DC7421FAB00A8 /* Center.swift */ = {isa = PBXFileReference; fileEncoding = 4; lastKnownFileType = sourcecode.swift; path = Center.swift; sourceTree = "<group>"; };
		5572ECEE8796B5D3C16FE380 /* PhotoEffectInstant.swift */ = {isa = PBXFileReference; fileEncoding = 4; lastKnownFileType = sourcecode.swift; path = PhotoEffectInstant.swift; sourceTree = "<group>"; };
		5572ED00BA0E7CC791CC009D /* Base */ = {isa = PBXFileReference; lastKnownFileType = file.storyboard; name = Base; path = CoreImageExam/Base.lproj/Main.storyboard; sourceTree = SOURCE_ROOT; };
		5572ED29ADE436D19057FD55 /* SepiaTone.swift */ = {isa = PBXFileReference; fileEncoding = 4; lastKnownFileType = sourcecode.swift; path = SepiaTone.swift; sourceTree = "<group>"; };
		5572ED32F5291A93CB706DAF /* Sharpness.swift */ = {isa = PBXFileReference; fileEncoding = 4; lastKnownFileType = sourcecode.swift; path = Sharpness.swift; sourceTree = "<group>"; };
		5572ED97C24B5CD187F52A73 /* MotionBlur.swift */ = {isa = PBXFileReference; fileEncoding = 4; lastKnownFileType = sourcecode.swift; path = MotionBlur.swift; sourceTree = "<group>"; };
		5572ED9A0BA45CC87BDAF51A /* VignetteEffect.swift */ = {isa = PBXFileReference; fileEncoding = 4; lastKnownFileType = sourcecode.swift; path = VignetteEffect.swift; sourceTree = "<group>"; };
		5572EDADE6EAAE9B2EA3BA9E /* Angle.swift */ = {isa = PBXFileReference; fileEncoding = 4; lastKnownFileType = sourcecode.swift; path = Angle.swift; sourceTree = "<group>"; };
		5572EE10796600007503FDAF /* Brightness.swift */ = {isa = PBXFileReference; fileEncoding = 4; lastKnownFileType = sourcecode.swift; path = Brightness.swift; sourceTree = "<group>"; };
		5572EE189C385E552BA6446C /* NoiseLevel.swift */ = {isa = PBXFileReference; fileEncoding = 4; lastKnownFileType = sourcecode.swift; path = NoiseLevel.swift; sourceTree = "<group>"; };
		5572EE259DC43D17143783A1 /* NSNumber+Limit.swift */ = {isa = PBXFileReference; fileEncoding = 4; lastKnownFileType = sourcecode.swift; path = "NSNumber+Limit.swift"; sourceTree = "<group>"; };
		5572EE29AB100477E26541BB /* MultiplyCompositing.swift */ = {isa = PBXFileReference; fileEncoding = 4; lastKnownFileType = sourcecode.swift; path = MultiplyCompositing.swift; sourceTree = "<group>"; };
		5572EE4537A24361BED0ED2E /* ColorInvert.swift */ = {isa = PBXFileReference; fileEncoding = 4; lastKnownFileType = sourcecode.swift; path = ColorInvert.swift; sourceTree = "<group>"; };
		5572EE74E49A8BC410465A9C /* SourceOverCompositing.swift */ = {isa = PBXFileReference; fileEncoding = 4; lastKnownFileType = sourcecode.swift; path = SourceOverCompositing.swift; sourceTree = "<group>"; };
		5572EE96CF68F931CE8B8683 /* Base */ = {isa = PBXFileReference; lastKnownFileType = file.storyboard; name = Base; path = Base.lproj/LaunchScreen.storyboard; sourceTree = "<group>"; };
		5572EEEA76095C2B41103E64 /* CoreImageExam.app */ = {isa = PBXFileReference; explicitFileType = wrapper.application; includeInIndex = 0; path = CoreImageExam.app; sourceTree = BUILT_PRODUCTS_DIR; };
		5572EF1084F4920C7C14377E /* MaskedVariableBlur.swift */ = {isa = PBXFileReference; fileEncoding = 4; lastKnownFileType = sourcecode.swift; path = MaskedVariableBlur.swift; sourceTree = "<group>"; };
		5572EF1345D4ADC4F5F6E7C5 /* ColorControls.swift */ = {isa = PBXFileReference; fileEncoding = 4; lastKnownFileType = sourcecode.swift; path = ColorControls.swift; sourceTree = "<group>"; };
		5572EF3C50B06545D124A7F7 /* NoiseReduction.swift */ = {isa = PBXFileReference; fileEncoding = 4; lastKnownFileType = sourcecode.swift; path = NoiseReduction.swift; sourceTree = "<group>"; };
		5572EF41E165871BF919A0B6 /* StretchCrop.swift */ = {isa = PBXFileReference; fileEncoding = 4; lastKnownFileType = sourcecode.swift; path = StretchCrop.swift; sourceTree = "<group>"; };
		5572EF52BB6CB996D4A14684 /* ColorMonochrome.swift */ = {isa = PBXFileReference; fileEncoding = 4; lastKnownFileType = sourcecode.swift; path = ColorMonochrome.swift; sourceTree = "<group>"; };
		5572EF53E3C51658B631C280 /* SourceAtopCompositing.swift */ = {isa = PBXFileReference; fileEncoding = 4; lastKnownFileType = sourcecode.swift; path = SourceAtopCompositing.swift; sourceTree = "<group>"; };
		5572EF6DBDEDAE9BA04F7D30 /* SubtractBlendMode.swift */ = {isa = PBXFileReference; fileEncoding = 4; lastKnownFileType = sourcecode.swift; path = SubtractBlendMode.swift; sourceTree = "<group>"; };
		5572EF940DA596BDB4A362DE /* AdditionCompositing.swift */ = {isa = PBXFileReference; fileEncoding = 4; lastKnownFileType = sourcecode.swift; path = AdditionCompositing.swift; sourceTree = "<group>"; };
		5572EF9909E3D83B39AAA078 /* ColorCrossPolynomial.swift */ = {isa = PBXFileReference; fileEncoding = 4; lastKnownFileType = sourcecode.swift; path = ColorCrossPolynomial.swift; sourceTree = "<group>"; };
		5572EFC1A21865DFCBBB2C05 /* GlassLozenge.swift */ = {isa = PBXFileReference; fileEncoding = 4; lastKnownFileType = sourcecode.swift; path = GlassLozenge.swift; sourceTree = "<group>"; };
		5572EFCAA6C4D3937EA89F43 /* ColorCube.swift */ = {isa = PBXFileReference; fileEncoding = 4; lastKnownFileType = sourcecode.swift; path = ColorCube.swift; sourceTree = "<group>"; };
		5572EFCDE2C1F4EB8469CE62 /* ColorPosterize.swift */ = {isa = PBXFileReference; fileEncoding = 4; lastKnownFileType = sourcecode.swift; path = ColorPosterize.swift; sourceTree = "<group>"; };
		5572EFD97FC6ECB49668A241 /* CIMaskToAlpha.swift */ = {isa = PBXFileReference; fileEncoding = 4; lastKnownFileType = sourcecode.swift; path = CIMaskToAlpha.swift; sourceTree = "<group>"; };
		5572EFE975D2527C42EBA8D0 /* PhotoEffectMono.swift */ = {isa = PBXFileReference; fileEncoding = 4; lastKnownFileType = sourcecode.swift; path = PhotoEffectMono.swift; sourceTree = "<group>"; };
		7E174A511CD4EE9A00EEAFDE /* FilterDetailViewController.swift */ = {isa = PBXFileReference; fileEncoding = 4; lastKnownFileType = sourcecode.swift; path = FilterDetailViewController.swift; sourceTree = "<group>"; };
		7E419A231CD5C1DB004C335D /* FilterAttributeCell.swift */ = {isa = PBXFileReference; fileEncoding = 4; lastKnownFileType = sourcecode.swift; path = FilterAttributeCell.swift; sourceTree = "<group>"; };
/* End PBXFileReference section */

/* Begin PBXFrameworksBuildPhase section */
		5572EDBD0E53DC9FC6CDBA31 /* Frameworks */ = {
			isa = PBXFrameworksBuildPhase;
			buildActionMask = 2147483647;
			files = (
			);
			runOnlyForDeploymentPostprocessing = 0;
		};
		5572EF92FD2A87D719900513 /* Frameworks */ = {
			isa = PBXFrameworksBuildPhase;
			buildActionMask = 2147483647;
			files = (
			);
			runOnlyForDeploymentPostprocessing = 0;
		};
/* End PBXFrameworksBuildPhase section */

/* Begin PBXGroup section */
		5572E01BDA209D3F7AE1DBFB = {
			isa = PBXGroup;
			children = (
				5572E584DECB483E5ABFED10 /* Products */,
				5572EFEDE021139AE0295029 /* CoreImageExam */,
				5572E89B61476841411144FC /* CoreImageExamTests */,
			);
			sourceTree = "<group>";
		};
		5572E0E2C40EBD99398B870D /* GeometryAdjustment */ = {
			isa = PBXGroup;
			children = (
			);
			path = GeometryAdjustment;
			sourceTree = "<group>";
		};
		5572E4EAB01B5BD8A5A934BD /* ColorAdjustment */ = {
			isa = PBXGroup;
			children = (
				5572EBCA3688D978DBE4C84B /* ColorClamp.swift */,
				5572EF1345D4ADC4F5F6E7C5 /* ColorControls.swift */,
				5572EA44C19275235C3C69D1 /* ColorMatrix.swift */,
				5572E7E826E24C3AD998F803 /* ColorPolynomial.swift */,
				5572E210C53C4CC47229B752 /* ExposureAdjust.swift */,
				5572E250FE1AC1889C7F1D3B /* GammaAdjust.swift */,
				5572EB0002DB5C28332CEF0A /* HueAdjust.swift */,
				5572EBE9C343126D4737D04F /* LinearToSRGBToneCurve.swift */,
				5572E3DDE01D540D4FE34E66 /* SRGBToneCurveToLinear.swift */,
				5572E6DFB6DA81E4B3B6BDA4 /* TemperatureAndTint.swift */,
				5572EA27EA42EEB8B4505D25 /* ToneCurve.swift */,
				5572E70006E83665741A1934 /* Vibrance.swift */,
				5572E3C038F8499D109F5700 /* WhitePointAdjust.swift */,
			);
			path = ColorAdjustment;
			sourceTree = "<group>";
		};
		5572E584DECB483E5ABFED10 /* Products */ = {
			isa = PBXGroup;
			children = (
				5572EEEA76095C2B41103E64 /* CoreImageExam.app */,
				5572E6623D3E9C9E85238BE8 /* CoreImageExamTests.xctest */,
			);
			name = Products;
			sourceTree = "<group>";
		};
		5572E782E1E68A4E96B6447B /* Blur */ = {
			isa = PBXGroup;
			children = (
				5572EB3BCB05C73988FE8B56 /* BoxBlur.swift */,
				5572EAA03BC34ECF1A4471D6 /* DiscBlur.swift */,
				5572E32F3B12535463AE2684 /* GaussianBlur.swift */,
				5572EF1084F4920C7C14377E /* MaskedVariableBlur.swift */,
				5572E6E10B1D77B752249929 /* MedianFilter.swift */,
				5572ED97C24B5CD187F52A73 /* MotionBlur.swift */,
				5572EF3C50B06545D124A7F7 /* NoiseReduction.swift */,
				5572E24035EA490FAEDEFCE1 /* ZoomBlur.swift */,
			);
			path = Blur;
			sourceTree = "<group>";
		};
		5572E89B61476841411144FC /* CoreImageExamTests */ = {
			isa = PBXGroup;
			children = (
				5572E90D24AFA433EF13A385 /* Info.plist */,
				5572E944DD6D839D5704313A /* CoreImageExamTests.swift */,
			);
			path = CoreImageExamTests;
			sourceTree = "<group>";
		};
		5572E8E673A9A694056986B8 /* CompositeOperation */ = {
			isa = PBXGroup;
			children = (
				5572EF940DA596BDB4A362DE /* AdditionCompositing.swift */,
				5572E6831EA28A79FD1750BF /* ColorBlendMode.swift */,
				5572EA5AD64D19B16B39A6C6 /* ColorBurnBlendMode.swift */,
				5572E205DAD4658695DFAD48 /* ColorDodgeBlendMode.swift */,
				5572E1AC4919FC67F0C09E55 /* DarkenBlendMode.swift */,
				5572E3376DCEB3D9A81039CE /* DifferenceBlendMode.swift */,
				5572E3CDD2B17986C0659B28 /* DivideBlendMode.swift */,
				5572EC443CC0CD8634F4C838 /* ExclusionBlendMode.swift */,
				5572E3FCA8FC9B8E15CB2D36 /* HardLightBlendMode.swift */,
				5572E1DD15FD01EC045D6706 /* HueBlendMode.swift */,
				5572E354C1278C617AD92C51 /* LightenBlendMode.swift */,
				5572E735A6D6473416999557 /* LinearBurnBlendMode.swift */,
				5572E2D3B72FCAB35BBD17B1 /* LinearDodgeBlendMode.swift */,
				5572E728F529493E4CFFBCA5 /* LuminosityBlendMode.swift */,
				5572E1D5AD8AEBD200392E84 /* MaximumCompositing.swift */,
				5572E22944B39C63771FA39E /* MinimumCompositing.swift */,
				5572E1DA529BE8123C6364DB /* MultiplyBlendMode.swift */,
				5572EE29AB100477E26541BB /* MultiplyCompositing.swift */,
				5572E0D4D34C08C1620FC1F8 /* OverlayBlendMode.swift */,
				5572E9E5F0B261A5F077A230 /* PinLightBlendMode.swift */,
				5572E4546231BF3520E7532C /* SaturationBlendMode.swift */,
				5572E8FAFB1BB3865B8AF222 /* ScreenBlendMode.swift */,
				5572E869632DB33DD9A46E3B /* SoftLightBlendMode.swift */,
				5572EF53E3C51658B631C280 /* SourceAtopCompositing.swift */,
				5572E079F42F36E0BE2AA3BB /* SourceInCompositing.swift */,
				5572E6E29338C17788E5AEA8 /* SourceOutCompositing.swift */,
				5572EE74E49A8BC410465A9C /* SourceOverCompositing.swift */,
				5572EF6DBDEDAE9BA04F7D30 /* SubtractBlendMode.swift */,
			);
			path = CompositeOperation;
			sourceTree = "<group>";
		};
		5572EA2BA120CC5D3C2D9D46 /* DistortionEffect */ = {
			isa = PBXGroup;
			children = (
				5572E9991991C5B156BF5ABA /* BumpDistortion.swift */,
				5572E9DD308476E622CD9C2C /* BumpDistortionLinear.swift */,
				5572EAB0CE842F28597E7DAB /* CircleSplashDistortion.swift */,
				5572E5C08ED6463A3AD38193 /* CircularWrap.swift */,
				5572E6ED0501BEC4B6E162BB /* Droste.swift */,
				5572E8B4B73AA39FB916171B /* DisplacementDistortion.swift */,
				5572EC0F584DA308DB89481D /* GlassDistortion.swift */,
				5572EFC1A21865DFCBBB2C05 /* GlassLozenge.swift */,
				5572E1821AA87C997FB917A5 /* HoleDistortion.swift */,
				5572EC6BAE550129A348FCBA /* LightTunnel.swift */,
				5572EBA547A26DCFE7EF1050 /* PinchDistortion.swift */,
				5572EF41E165871BF919A0B6 /* StretchCrop.swift */,
				5572E823047B8BACA6F58582 /* TorusLensDistortion.swift */,
				5572E0B57DF16E9222094123 /* TwirlDistortion.swift */,
				5572E080484CB57E050C4B7B /* VortexDistortion.swift */,
			);
			path = DistortionEffect;
			sourceTree = "<group>";
		};
		5572EBCE8EFA71CCF1D1FCA0 /* ColorEffect */ = {
			isa = PBXGroup;
			children = (
				5572EF9909E3D83B39AAA078 /* ColorCrossPolynomial.swift */,
				5572EFCAA6C4D3937EA89F43 /* ColorCube.swift */,
				5572E26641532DDD4CD9DB16 /* ColorCubeWithColorSpace.swift */,
				5572EE4537A24361BED0ED2E /* ColorInvert.swift */,
				5572E1B1F84720BEAA6C9C09 /* ColorMap.swift */,
				5572EF52BB6CB996D4A14684 /* ColorMonochrome.swift */,
				5572EFCDE2C1F4EB8469CE62 /* ColorPosterize.swift */,
				5572E46634764454A370EF86 /* FalseColor.swift */,
				5572EFD97FC6ECB49668A241 /* CIMaskToAlpha.swift */,
				5572EBC7750A315D0B328F1E /* MaximumComponent.swift */,
				5572E8C4D7F802DFACD72289 /* MinimumComponent.swift */,
				5572E7B911E874EA3F546462 /* PhotoEffectChrome.swift */,
				5572E65271544F02945E7B85 /* PhotoEffectFade.swift */,
				5572ECEE8796B5D3C16FE380 /* PhotoEffectInstant.swift */,
				5572EFE975D2527C42EBA8D0 /* PhotoEffectMono.swift */,
				5572E8592922DAB472351A3E /* PhotoEffectNoir.swift */,
				5572EAF2034A86A340108803 /* PhotoEffectProcess.swift */,
				5572E58A4A123D0340A2C966 /* PhotoEffectTonal.swift */,
				5572EAC9A084843E26CDAF3A /* PhotoEffectTransfer.swift */,
				5572ED29ADE436D19057FD55 /* SepiaTone.swift */,
				5572E0B7542156D17CE6E66A /* Vignette.swift */,
				5572ED9A0BA45CC87BDAF51A /* VignetteEffect.swift */,
			);
			path = ColorEffect;
			sourceTree = "<group>";
		};
		5572ED20529F906B152BBE81 /* CoreImage */ = {
			isa = PBXGroup;
			children = (
				5572E782E1E68A4E96B6447B /* Blur */,
				5572EEAA307AD157598F923D /* Extension */,
				5572E4EAB01B5BD8A5A934BD /* ColorAdjustment */,
				5572EBCE8EFA71CCF1D1FCA0 /* ColorEffect */,
				5572E8E673A9A694056986B8 /* CompositeOperation */,
				5572EA2BA120CC5D3C2D9D46 /* DistortionEffect */,
				5572EE964FE937F84B7B6549 /* Protocol */,
				5572E0E2C40EBD99398B870D /* GeometryAdjustment */,
			);
			path = CoreImage;
			sourceTree = "<group>";
		};
		5572ED574297460F71881F76 /* Controller */ = {
			isa = PBXGroup;
			children = (
				5572E03709F467D0CBADA2EF /* TestViewController.swift */,
				5572E7C39A3B976963D3E953 /* FilterListViewController.swift */,
				7E174A511CD4EE9A00EEAFDE /* FilterDetailViewController.swift */,
				7E419A231CD5C1DB004C335D /* FilterAttributeCell.swift */,
				5572E3EF82D48D2B1F0B3F76 /* Main.storyboard */,
			);
			path = Controller;
			sourceTree = "<group>";
		};
		5572EE964FE937F84B7B6549 /* Protocol */ = {
			isa = PBXGroup;
			children = (
				5572E66117D6AADC72F95A08 /* GradientImage.swift */,
				5572EE189C385E552BA6446C /* NoiseLevel.swift */,
				5572E8D3B05BBE1CAEAFA750 /* Color.swift */,
				5572E939C1CEF078F4B76144 /* Polynomial.swift */,
				5572E7A64D0B9C2C5BC9F6D0 /* Cube.swift */,
				5572E409B393F76F1C90B00D /* Contrast.swift */,
				5572ED32F5291A93CB706DAF /* Sharpness.swift */,
				5572ECBE265F8FC2290D92AF /* Refraction.swift */,
				5572EDADE6EAAE9B2EA3BA9E /* Angle.swift */,
				5572E2DDD1E27913B62123C7 /* EV.swift */,
				5572E485B44F9F70F1A43CBE /* Scale.swift */,
				5572E5138F77156B349F332C /* Amount.swift */,
				5572E50A35AC8B8E858AD766 /* Mask.swift */,
				5572E81DA177A8D7EA9F024B /* Radius.swift */,
				5572E993F2556BBA2D061B15 /* Saturation.swift */,
				5572E3728BA510FBBE6AB394 /* BackgroundImage.swift */,
				5572E2543E7C7D40BDB84C70 /* Intensity.swift */,
				5572ECCE1C6DC7421FAB00A8 /* Center.swift */,
				5572E9ADCC0276770FC60439 /* Rotation.swift */,
				5572E5189D79CEF7A0A047FA /* Processable.swift */,
				5572EE10796600007503FDAF /* Brightness.swift */,
				5572E50B17D8DEFC00EF803C /* Width.swift */,
			);
			path = Protocol;
			sourceTree = "<group>";
		};
		5572EEAA307AD157598F923D /* Extension */ = {
			isa = PBXGroup;
			children = (
				5572EE259DC43D17143783A1 /* NSNumber+Limit.swift */,
			);
			path = Extension;
			sourceTree = "<group>";
		};
		5572EFEDE021139AE0295029 /* CoreImageExam */ = {
			isa = PBXGroup;
			children = (
				5572E343CD6DF030C78C89E4 /* Assets.xcassets */,
				5572E931CDC2A23736AD0D39 /* AppDelegate.swift */,
				5572ED574297460F71881F76 /* Controller */,
				7E174A501CD4ED3400EEAFDE /* Others */,
				5572ED20529F906B152BBE81 /* CoreImage */,
			);
			path = CoreImageExam;
			sourceTree = "<group>";
		};
		7E174A501CD4ED3400EEAFDE /* Others */ = {
			isa = PBXGroup;
			children = (
				5572E285D37670721FE35D4D /* Info.plist */,
				5572E3EF5DCC93DFF0BD73D1 /* LaunchScreen.storyboard */,
			);
			name = Others;
			sourceTree = "<group>";
		};
/* End PBXGroup section */

/* Begin PBXNativeTarget section */
		5572E5BEBEE6EE826C8AEED6 /* CoreImageExamTests */ = {
			isa = PBXNativeTarget;
			buildConfigurationList = 5572E7E7C1E2B5E5F0AC12A7 /* Build configuration list for PBXNativeTarget "CoreImageExamTests" */;
			buildPhases = (
				5572EBB1AC3530AA08675DFA /* Sources */,
				5572EF92FD2A87D719900513 /* Frameworks */,
				5572EF156639F775DFDF7CA2 /* Resources */,
			);
			buildRules = (
			);
			dependencies = (
				5572EFEE2067B7EB4271B37D /* PBXTargetDependency */,
			);
			name = CoreImageExamTests;
			productName = CoreImageExamTests;
			productReference = 5572E6623D3E9C9E85238BE8 /* CoreImageExamTests.xctest */;
			productType = "com.apple.product-type.bundle.unit-test";
		};
		5572EE146CB6C9F79E7D45A2 /* CoreImageExam */ = {
			isa = PBXNativeTarget;
			buildConfigurationList = 5572E53AEAE10D16DB7B7E04 /* Build configuration list for PBXNativeTarget "CoreImageExam" */;
			buildPhases = (
				5572E783580A1424AAB25086 /* Sources */,
				5572EDBD0E53DC9FC6CDBA31 /* Frameworks */,
				5572E8E807F98446041867B6 /* Resources */,
			);
			buildRules = (
			);
			dependencies = (
			);
			name = CoreImageExam;
			productName = CoreImageExam;
			productReference = 5572EEEA76095C2B41103E64 /* CoreImageExam.app */;
			productType = "com.apple.product-type.application";
		};
/* End PBXNativeTarget section */

/* Begin PBXProject section */
		5572EA0335795221B090E538 /* Project object */ = {
			isa = PBXProject;
			attributes = {
				LastSwiftMigration = 0720;
				LastSwiftUpdateCheck = 0720;
				ORGANIZATIONNAME = "Daisuke Iwata";
			};
			buildConfigurationList = 5572EE85715E8683B323A22F /* Build configuration list for PBXProject "CoreImageExam" */;
			compatibilityVersion = "Xcode 3.2";
			developmentRegion = English;
			hasScannedForEncodings = 0;
			knownRegions = (
				en,
			);
			mainGroup = 5572E01BDA209D3F7AE1DBFB;
			productRefGroup = 5572E584DECB483E5ABFED10 /* Products */;
			projectDirPath = "";
			projectRoot = "";
			targets = (
				5572EE146CB6C9F79E7D45A2 /* CoreImageExam */,
				5572E5BEBEE6EE826C8AEED6 /* CoreImageExamTests */,
			);
		};
/* End PBXProject section */

/* Begin PBXResourcesBuildPhase section */
		5572E8E807F98446041867B6 /* Resources */ = {
			isa = PBXResourcesBuildPhase;
			buildActionMask = 2147483647;
			files = (
				5572EEABFFA890CC48F462E1 /* Info.plist in Resources */,
				5572E613F5A067B39764A18C /* Assets.xcassets in Resources */,
				5572E460D55D2684FCBD0A4A /* LaunchScreen.storyboard in Resources */,
				5572EAC8A0F6F01EBDD1939D /* Main.storyboard in Resources */,
			);
			runOnlyForDeploymentPostprocessing = 0;
		};
		5572EF156639F775DFDF7CA2 /* Resources */ = {
			isa = PBXResourcesBuildPhase;
			buildActionMask = 2147483647;
			files = (
				5572EABCDFD98B408EF2C878 /* Info.plist in Resources */,
			);
			runOnlyForDeploymentPostprocessing = 0;
		};
/* End PBXResourcesBuildPhase section */

/* Begin PBXSourcesBuildPhase section */
		5572E783580A1424AAB25086 /* Sources */ = {
			isa = PBXSourcesBuildPhase;
			buildActionMask = 2147483647;
			files = (
				5572E842441E855ADA989028 /* AppDelegate.swift in Sources */,
				7E419A241CD5C1DB004C335D /* FilterAttributeCell.swift in Sources */,
				5572E76FCD6306208E7814D4 /* TestViewController.swift in Sources */,
				7E174A521CD4EE9A00EEAFDE /* FilterDetailViewController.swift in Sources */,
				5572E05DB3D3F868EDC9B928 /* FilterListViewController.swift in Sources */,
				5572E6BB3270C58F3301158C /* BoxBlur.swift in Sources */,
				5572E8B8A2F0515E69682A66 /* DiscBlur.swift in Sources */,
				5572E37F5B98BA07B943E9EE /* GaussianBlur.swift in Sources */,
				5572E1F1FB03AE49700D1933 /* MaskedVariableBlur.swift in Sources */,
				5572E4B7A3DC337CBB5254E0 /* MedianFilter.swift in Sources */,
				5572E630615BC8EEE7103947 /* MotionBlur.swift in Sources */,
				5572E26C1D311A48E188ED1F /* NoiseReduction.swift in Sources */,
				5572EAD4074E2A85FD224075 /* NSNumber+Limit.swift in Sources */,
				5572ED6C4CB9CBA41926AA60 /* ZoomBlur.swift in Sources */,
				5572E0D495D2E23B8D30E754 /* ColorClamp.swift in Sources */,
				5572E93557FBA3E7F13043C1 /* ColorControls.swift in Sources */,
				5572E9FF47B9DB74812D22F4 /* ColorMatrix.swift in Sources */,
				5572E8F1693CF67623CE2BB0 /* ColorPolynomial.swift in Sources */,
				5572E24050C284EC980F42FD /* ExposureAdjust.swift in Sources */,
				5572E82869C96EA6BB6CD143 /* GammaAdjust.swift in Sources */,
				5572EB1BA3E7722F3454F7DF /* HueAdjust.swift in Sources */,
				5572E3538B47ACA70FB3250E /* LinearToSRGBToneCurve.swift in Sources */,
				5572E2F737C7BE74860F6909 /* SRGBToneCurveToLinear.swift in Sources */,
				5572EF97331D2CE0C6B44E14 /* TemperatureAndTint.swift in Sources */,
				5572EAB9A4E93650F4EB7F99 /* ToneCurve.swift in Sources */,
				5572EF19D62400EF0BF04350 /* Vibrance.swift in Sources */,
				5572E4EAE1AF4868D8E49E53 /* WhitePointAdjust.swift in Sources */,
				5572E78D473333413CA39044 /* ColorCrossPolynomial.swift in Sources */,
				5572ECB40F245F98F287F46D /* ColorCube.swift in Sources */,
				5572ED0853A89CF74FD937C4 /* ColorCubeWithColorSpace.swift in Sources */,
				5572E80ED9D7923871D104AB /* ColorInvert.swift in Sources */,
				5572E6F0158E11AACB9D66A8 /* ColorMap.swift in Sources */,
				5572EB133934BD6B5DB0F38B /* ColorMonochrome.swift in Sources */,
				5572E082E7C4A350021C2275 /* ColorPosterize.swift in Sources */,
				5572E4492FBC6E78924112F3 /* FalseColor.swift in Sources */,
				5572E08A0ABC2D5646155C5E /* CIMaskToAlpha.swift in Sources */,
				5572E7307C74E1ACE600CF3E /* MaximumComponent.swift in Sources */,
				5572E18F4957AE4ADDDB0FC6 /* MinimumComponent.swift in Sources */,
				5572E4FD8E87C99FFA643506 /* PhotoEffectChrome.swift in Sources */,
				5572E861D37594084E27F7E0 /* PhotoEffectFade.swift in Sources */,
				5572E686D8B2D67AA9584C92 /* PhotoEffectInstant.swift in Sources */,
				5572E10ADEEFFFE50434DF27 /* PhotoEffectMono.swift in Sources */,
				5572E38CDCE6BAF3225876CD /* PhotoEffectNoir.swift in Sources */,
				5572EEE052AF3E5625BA5B3A /* PhotoEffectProcess.swift in Sources */,
				5572E276276D1D4993A00CD1 /* PhotoEffectTonal.swift in Sources */,
				5572ED21508760217D966753 /* PhotoEffectTransfer.swift in Sources */,
				5572E15D85D44DC8FA723ABB /* SepiaTone.swift in Sources */,
				5572E70FFEF80911F1A685C9 /* Vignette.swift in Sources */,
				5572E55D2599EAE5881C1673 /* VignetteEffect.swift in Sources */,
				5572E2EA1552850AEAA03F3E /* AdditionCompositing.swift in Sources */,
				5572E12A6986253086A56956 /* ColorBlendMode.swift in Sources */,
				5572E69BB81E665C92D0B3FC /* ColorBurnBlendMode.swift in Sources */,
				5572E47E7013439F71C5567F /* ColorDodgeBlendMode.swift in Sources */,
				5572EE98C89DFDDE6A196D62 /* DarkenBlendMode.swift in Sources */,
				5572E7B34116CDF1458C6CBA /* DifferenceBlendMode.swift in Sources */,
				5572EB3113F0444B9A920C78 /* DivideBlendMode.swift in Sources */,
				5572E0D16E6E07242C0C1612 /* ExclusionBlendMode.swift in Sources */,
				5572E53A851C84E367BCA811 /* HardLightBlendMode.swift in Sources */,
				5572EDA87AD22F6A8DDE6991 /* HueBlendMode.swift in Sources */,
				5572EB12C80C6885B9017368 /* LightenBlendMode.swift in Sources */,
				5572E6B12E21D8AEFC23D611 /* LinearBurnBlendMode.swift in Sources */,
				5572E35E26C9676A2FAB7892 /* LinearDodgeBlendMode.swift in Sources */,
				5572E173EF72824053E44945 /* LuminosityBlendMode.swift in Sources */,
				5572E0E973ED700415D3AD8C /* MaximumCompositing.swift in Sources */,
				5572E09D0886A391E344502A /* MinimumCompositing.swift in Sources */,
				5572E0ABA40A406A2D39CC34 /* MultiplyBlendMode.swift in Sources */,
				5572ECAFA64FBF2C4B9F2BC7 /* MultiplyCompositing.swift in Sources */,
				5572E92BD8284038E0301715 /* OverlayBlendMode.swift in Sources */,
				5572E92E0DBC51EBD6B63D21 /* PinLightBlendMode.swift in Sources */,
				5572E4197B373F5D249BB4A8 /* SaturationBlendMode.swift in Sources */,
				5572ECD810A80480B030E396 /* ScreenBlendMode.swift in Sources */,
				5572E846D50C47EADC8F031B /* SoftLightBlendMode.swift in Sources */,
				5572E0C8EE9DC5CC6FEC11C1 /* SourceAtopCompositing.swift in Sources */,
				5572EE01A10ADBB8E5023FD2 /* SourceInCompositing.swift in Sources */,
				5572E485680EB4A32EF01677 /* SourceOutCompositing.swift in Sources */,
				5572E9E004671F1FEFE5F22A /* SourceOverCompositing.swift in Sources */,
				5572E5FCF5C0F6E617256DFA /* SubtractBlendMode.swift in Sources */,
				5572E5291840AE313BAC28A7 /* BumpDistortion.swift in Sources */,
				5572ED5A0F6073199FE1A455 /* BumpDistortionLinear.swift in Sources */,
				5572E4E2D581AF68F1833CEF /* CircleSplashDistortion.swift in Sources */,
				5572E814D36F6368D3D74BCB /* CircularWrap.swift in Sources */,
				5572E4EBCA5116E5C1DD517A /* Droste.swift in Sources */,
				5572E5BC657D9BC54968D6D1 /* DisplacementDistortion.swift in Sources */,
				5572E87DEE5B28E15F07FE8A /* GlassDistortion.swift in Sources */,
				5572E935965BC96420A5D553 /* GlassLozenge.swift in Sources */,
				5572E2B93231D80E6FCF67A0 /* HoleDistortion.swift in Sources */,
				5572EF97FB918780A6962170 /* LightTunnel.swift in Sources */,
				5572EA779E495FBDF4073ADF /* PinchDistortion.swift in Sources */,
				5572E6B77E2C30FECB41F54A /* StretchCrop.swift in Sources */,
				5572EB1AB20A60889E10C250 /* GradientImage.swift in Sources */,
				5572E9A0E0613730FBEFC58C /* NoiseLevel.swift in Sources */,
				5572E369A8846435F79D3B29 /* Color.swift in Sources */,
				5572E14FDD2F7ABB385DDC31 /* Polynomial.swift in Sources */,
				5572EA2E532B075DF1C6EB8A /* Cube.swift in Sources */,
				5572E5514874C5B075868DC1 /* Contrast.swift in Sources */,
				5572E544D3750DF212DF5DA0 /* Sharpness.swift in Sources */,
				5572EB5ACFE7BB10243790D2 /* Refraction.swift in Sources */,
				5572EF5D1978DDF5777200BA /* Angle.swift in Sources */,
				5572EB36D9CBE0A314A899E0 /* EV.swift in Sources */,
				5572EA5F9FF258977D155620 /* Scale.swift in Sources */,
				5572E16EAE0493D41390DAFF /* Amount.swift in Sources */,
				5572E0345FC86F5A63639D61 /* Mask.swift in Sources */,
				5572E10B4AE1E6A7CD9D4B55 /* Radius.swift in Sources */,
				5572EBD90A0701D8A38051F4 /* Saturation.swift in Sources */,
				5572EA3F3C32CBC85BF94701 /* BackgroundImage.swift in Sources */,
				5572EAD0738E96205C0629DC /* Intensity.swift in Sources */,
				5572E4DBB744FB3D19C2BB0D /* Center.swift in Sources */,
				5572ECA4CC4A49750D55BB1B /* Rotation.swift in Sources */,
				5572EA488AD1543EBDACDBD9 /* Processable.swift in Sources */,
				5572E04685E27415A8E8B1C3 /* Brightness.swift in Sources */,
				5572EA110A55DB7B3A5DEAAB /* TorusLensDistortion.swift in Sources */,
				5572E192CD4DFDBCD8586B78 /* Width.swift in Sources */,
				5572E7D3953109B29B28759D /* TwirlDistortion.swift in Sources */,
				5572E4A85E0956F0C017937F /* VortexDistortion.swift in Sources */,
			);
			runOnlyForDeploymentPostprocessing = 0;
		};
		5572EBB1AC3530AA08675DFA /* Sources */ = {
			isa = PBXSourcesBuildPhase;
			buildActionMask = 2147483647;
			files = (
				5572EAF110BA4D7B3F95812D /* CoreImageExamTests.swift in Sources */,
			);
			runOnlyForDeploymentPostprocessing = 0;
		};
/* End PBXSourcesBuildPhase section */

/* Begin PBXTargetDependency section */
		5572EFEE2067B7EB4271B37D /* PBXTargetDependency */ = {
			isa = PBXTargetDependency;
			target = 5572EE146CB6C9F79E7D45A2 /* CoreImageExam */;
			targetProxy = 5572ED23FC094709F58922C4 /* PBXContainerItemProxy */;
		};
/* End PBXTargetDependency section */

/* Begin PBXVariantGroup section */
		5572E3EF5DCC93DFF0BD73D1 /* LaunchScreen.storyboard */ = {
			isa = PBXVariantGroup;
			children = (
				5572EE96CF68F931CE8B8683 /* Base */,
			);
			name = LaunchScreen.storyboard;
			sourceTree = "<group>";
		};
		5572E3EF82D48D2B1F0B3F76 /* Main.storyboard */ = {
			isa = PBXVariantGroup;
			children = (
				5572ED00BA0E7CC791CC009D /* Base */,
			);
			name = Main.storyboard;
			sourceTree = "<group>";
		};
/* End PBXVariantGroup section */

/* Begin XCBuildConfiguration section */
		5572E1EB332E1F819D544397 /* Release */ = {
			isa = XCBuildConfiguration;
			buildSettings = {
				BUNDLE_LOADER = "$(BUILT_PRODUCTS_DIR)/CoreImageExam.app/CoreImageExam";
				INFOPLIST_FILE = CoreImageExamTests/Info.plist;
				LD_RUNPATH_SEARCH_PATHS = "$(inherited) @executable_path/Frameworks @loader_path/Frameworks";
				PRODUCT_BUNDLE_IDENTIFIER = com.dai.CoreImageExamTests;
				PRODUCT_NAME = "$(TARGET_NAME)";
				TEST_HOST = "$(BUNDLE_LOADER)";
			};
			name = Release;
		};
		5572E315D33823AAEA1FCD95 /* Debug */ = {
			isa = XCBuildConfiguration;
			buildSettings = {
				BUNDLE_LOADER = "$(BUILT_PRODUCTS_DIR)/CoreImageExam.app/CoreImageExam";
				INFOPLIST_FILE = CoreImageExamTests/Info.plist;
				LD_RUNPATH_SEARCH_PATHS = "$(inherited) @executable_path/Frameworks @loader_path/Frameworks";
				PRODUCT_BUNDLE_IDENTIFIER = com.dai.CoreImageExamTests;
				PRODUCT_NAME = "$(TARGET_NAME)";
				TEST_HOST = "$(BUNDLE_LOADER)";
			};
			name = Debug;
		};
		5572E5D3AD4A472E3D9BD659 /* Release */ = {
			isa = XCBuildConfiguration;
			buildSettings = {
				ASSETCATALOG_COMPILER_APPICON_NAME = AppIcon;
				INFOPLIST_FILE = CoreImageExam/Info.plist;
				LD_RUNPATH_SEARCH_PATHS = "$(inherited) @executable_path/Frameworks";
				PRODUCT_BUNDLE_IDENTIFIER = com.dai.CoreImageExam;
				PRODUCT_NAME = "$(TARGET_NAME)";
			};
			name = Release;
		};
		5572E6AB053F5DFA0D8DD6E7 /* Debug */ = {
			isa = XCBuildConfiguration;
			buildSettings = {
				ASSETCATALOG_COMPILER_APPICON_NAME = AppIcon;
				INFOPLIST_FILE = CoreImageExam/Info.plist;
				LD_RUNPATH_SEARCH_PATHS = "$(inherited) @executable_path/Frameworks";
				PRODUCT_BUNDLE_IDENTIFIER = com.dai.CoreImageExam;
				PRODUCT_NAME = "$(TARGET_NAME)";
			};
			name = Debug;
		};
		5572EA76E94A04F4B86698BC /* Release */ = {
			isa = XCBuildConfiguration;
			buildSettings = {
				ALWAYS_SEARCH_USER_PATHS = NO;
				CLANG_CXX_LANGUAGE_STANDARD = "gnu++0x";
				CLANG_CXX_LIBRARY = "libc++";
				CLANG_ENABLE_MODULES = YES;
				CLANG_ENABLE_OBJC_ARC = YES;
				CLANG_WARN_BOOL_CONVERSION = YES;
				CLANG_WARN_CONSTANT_CONVERSION = YES;
				CLANG_WARN_DIRECT_OBJC_ISA_USAGE = YES_ERROR;
				CLANG_WARN_EMPTY_BODY = YES;
				CLANG_WARN_ENUM_CONVERSION = YES;
				CLANG_WARN_INT_CONVERSION = YES;
				CLANG_WARN_OBJC_ROOT_CLASS = YES_ERROR;
				CLANG_WARN_UNREACHABLE_CODE = YES;
				CLANG_WARN__DUPLICATE_METHOD_MATCH = YES;
				"CODE_SIGN_IDENTITY[sdk=iphoneos*]" = "iPhone Developer";
				COPY_PHASE_STRIP = NO;
				DEBUG_INFORMATION_FORMAT = "dwarf-with-dsym";
				ENABLE_NS_ASSERTIONS = NO;
				ENABLE_STRICT_OBJC_MSGSEND = YES;
				GCC_C_LANGUAGE_STANDARD = gnu99;
				GCC_NO_COMMON_BLOCKS = YES;
				GCC_WARN_64_TO_32_BIT_CONVERSION = YES;
				GCC_WARN_ABOUT_RETURN_TYPE = YES_ERROR;
				GCC_WARN_UNDECLARED_SELECTOR = YES;
				GCC_WARN_UNINITIALIZED_AUTOS = YES_AGGRESSIVE;
				GCC_WARN_UNUSED_FUNCTION = YES;
				GCC_WARN_UNUSED_VARIABLE = YES;
				IPHONEOS_DEPLOYMENT_TARGET = 9.2;
				MTL_ENABLE_DEBUG_INFO = NO;
				SDKROOT = iphoneos;
				TARGETED_DEVICE_FAMILY = "1,2";
				VALIDATE_PRODUCT = YES;
			};
			name = Release;
		};
		5572EA855E1117C3E115F999 /* Debug */ = {
			isa = XCBuildConfiguration;
			buildSettings = {
				ALWAYS_SEARCH_USER_PATHS = NO;
				CLANG_CXX_LANGUAGE_STANDARD = "gnu++0x";
				CLANG_CXX_LIBRARY = "libc++";
				CLANG_ENABLE_MODULES = YES;
				CLANG_ENABLE_OBJC_ARC = YES;
				CLANG_WARN_BOOL_CONVERSION = YES;
				CLANG_WARN_CONSTANT_CONVERSION = YES;
				CLANG_WARN_DIRECT_OBJC_ISA_USAGE = YES_ERROR;
				CLANG_WARN_EMPTY_BODY = YES;
				CLANG_WARN_ENUM_CONVERSION = YES;
				CLANG_WARN_INT_CONVERSION = YES;
				CLANG_WARN_OBJC_ROOT_CLASS = YES_ERROR;
				CLANG_WARN_UNREACHABLE_CODE = YES;
				CLANG_WARN__DUPLICATE_METHOD_MATCH = YES;
				"CODE_SIGN_IDENTITY[sdk=iphoneos*]" = "iPhone Developer";
				COPY_PHASE_STRIP = NO;
				DEBUG_INFORMATION_FORMAT = dwarf;
				ENABLE_STRICT_OBJC_MSGSEND = YES;
				ENABLE_TESTABILITY = YES;
				GCC_C_LANGUAGE_STANDARD = gnu99;
				GCC_DYNAMIC_NO_PIC = NO;
				GCC_NO_COMMON_BLOCKS = YES;
				GCC_OPTIMIZATION_LEVEL = 0;
				GCC_PREPROCESSOR_DEFINITIONS = (
					"DEBUG=1",
					"$(inherited)",
				);
				GCC_WARN_64_TO_32_BIT_CONVERSION = YES;
				GCC_WARN_ABOUT_RETURN_TYPE = YES_ERROR;
				GCC_WARN_UNDECLARED_SELECTOR = YES;
				GCC_WARN_UNINITIALIZED_AUTOS = YES_AGGRESSIVE;
				GCC_WARN_UNUSED_FUNCTION = YES;
				GCC_WARN_UNUSED_VARIABLE = YES;
				IPHONEOS_DEPLOYMENT_TARGET = 9.2;
				MTL_ENABLE_DEBUG_INFO = YES;
				ONLY_ACTIVE_ARCH = YES;
				SDKROOT = iphoneos;
				SWIFT_OPTIMIZATION_LEVEL = "-Onone";
				TARGETED_DEVICE_FAMILY = "1,2";
			};
			name = Debug;
		};
/* End XCBuildConfiguration section */

/* Begin XCConfigurationList section */
		5572E53AEAE10D16DB7B7E04 /* Build configuration list for PBXNativeTarget "CoreImageExam" */ = {
			isa = XCConfigurationList;
			buildConfigurations = (
				5572E6AB053F5DFA0D8DD6E7 /* Debug */,
				5572E5D3AD4A472E3D9BD659 /* Release */,
			);
			defaultConfigurationIsVisible = 0;
			defaultConfigurationName = Release;
		};
		5572E7E7C1E2B5E5F0AC12A7 /* Build configuration list for PBXNativeTarget "CoreImageExamTests" */ = {
			isa = XCConfigurationList;
			buildConfigurations = (
				5572E315D33823AAEA1FCD95 /* Debug */,
				5572E1EB332E1F819D544397 /* Release */,
			);
			defaultConfigurationIsVisible = 0;
			defaultConfigurationName = Release;
		};
		5572EE85715E8683B323A22F /* Build configuration list for PBXProject "CoreImageExam" */ = {
			isa = XCConfigurationList;
			buildConfigurations = (
				5572EA855E1117C3E115F999 /* Debug */,
				5572EA76E94A04F4B86698BC /* Release */,
			);
			defaultConfigurationIsVisible = 0;
			defaultConfigurationName = Release;
		};
/* End XCConfigurationList section */
	};
	rootObject = 5572EA0335795221B090E538 /* Project object */;
}
