// !$*UTF8*$!
{
	archiveVersion = 1;
	classes = {
	};
	objectVersion = 46;
	objects = {

/* Begin PBXBuildFile section */
		5572E05DB3D3F868EDC9B928 /* FilterListViewController.swift in Sources */ = {isa = PBXBuildFile; fileRef = 5572E7C39A3B976963D3E953 /* FilterListViewController.swift */; };
		5572E082E7C4A350021C2275 /* ColorPosterize.swift in Sources */ = {isa = PBXBuildFile; fileRef = 5572EFCDE2C1F4EB8469CE62 /* ColorPosterize.swift */; };
		5572E08A0ABC2D5646155C5E /* CIMaskToAlpha.swift in Sources */ = {isa = PBXBuildFile; fileRef = 5572EFD97FC6ECB49668A241 /* CIMaskToAlpha.swift */; };
		5572E0D495D2E23B8D30E754 /* ColorClamp.swift in Sources */ = {isa = PBXBuildFile; fileRef = 5572EBCA3688D978DBE4C84B /* ColorClamp.swift */; };
		5572E10ADEEFFFE50434DF27 /* PhotoEffectMono.swift in Sources */ = {isa = PBXBuildFile; fileRef = 5572EFE975D2527C42EBA8D0 /* PhotoEffectMono.swift */; };
		5572E1227A64A0D4CD74443E /* Amount.swift in Sources */ = {isa = PBXBuildFile; fileRef = 5572E9FDB8E0C34B0BCC9294 /* Amount.swift */; };
		5572E13606DF9F334F9922F1 /* Contrast.swift in Sources */ = {isa = PBXBuildFile; fileRef = 5572E50A1FE31D7DE2F150D3 /* Contrast.swift */; };
		5572E15D85D44DC8FA723ABB /* SepiaTone.swift in Sources */ = {isa = PBXBuildFile; fileRef = 5572ED29ADE436D19057FD55 /* SepiaTone.swift */; };
		5572E17BB6CD4322C95C3F8D /* Angle.swift in Sources */ = {isa = PBXBuildFile; fileRef = 5572E271CDE01DFFF9BFF432 /* Angle.swift */; };
		5572E18F4957AE4ADDDB0FC6 /* MinimumComponent.swift in Sources */ = {isa = PBXBuildFile; fileRef = 5572E8C4D7F802DFACD72289 /* MinimumComponent.swift */; };
		5572E1F1FB03AE49700D1933 /* MaskedVariableBlur.swift in Sources */ = {isa = PBXBuildFile; fileRef = 5572EF1084F4920C7C14377E /* MaskedVariableBlur.swift */; };
		5572E2388C998EDDC0AAF3D2 /* Polynomial.swift in Sources */ = {isa = PBXBuildFile; fileRef = 5572E558E2AC7F126D92DC27 /* Polynomial.swift */; };
		5572E24050C284EC980F42FD /* ExposureAdjust.swift in Sources */ = {isa = PBXBuildFile; fileRef = 5572E210C53C4CC47229B752 /* ExposureAdjust.swift */; };
		5572E26C1D311A48E188ED1F /* NoiseReduction.swift in Sources */ = {isa = PBXBuildFile; fileRef = 5572EF3C50B06545D124A7F7 /* NoiseReduction.swift */; };
		5572E276276D1D4993A00CD1 /* PhotoEffectTonal.swift in Sources */ = {isa = PBXBuildFile; fileRef = 5572E58A4A123D0340A2C966 /* PhotoEffectTonal.swift */; };
		5572E2B58FE3162B1D821D68 /* Center.swift in Sources */ = {isa = PBXBuildFile; fileRef = 5572EED723B2C3DDAAB87E3C /* Center.swift */; };
		5572E2E9704342B44E146773 /* Mask.swift in Sources */ = {isa = PBXBuildFile; fileRef = 5572EC61CEDB3ECEBE4D7014 /* Mask.swift */; };
		5572E2F737C7BE74860F6909 /* SRGBToneCurveToLinear.swift in Sources */ = {isa = PBXBuildFile; fileRef = 5572E3DDE01D540D4FE34E66 /* SRGBToneCurveToLinear.swift */; };
		5572E30C057FD24819E4D722 /* Brightness.swift in Sources */ = {isa = PBXBuildFile; fileRef = 5572EDA7216D296F2F11A46C /* Brightness.swift */; };
		5572E3538B47ACA70FB3250E /* LinearToSRGBToneCurve.swift in Sources */ = {isa = PBXBuildFile; fileRef = 5572EBE9C343126D4737D04F /* LinearToSRGBToneCurve.swift */; };
		5572E37F5B98BA07B943E9EE /* GaussianBlur.swift in Sources */ = {isa = PBXBuildFile; fileRef = 5572E32F3B12535463AE2684 /* GaussianBlur.swift */; };
		5572E38CDCE6BAF3225876CD /* PhotoEffectNoir.swift in Sources */ = {isa = PBXBuildFile; fileRef = 5572E8592922DAB472351A3E /* PhotoEffectNoir.swift */; };
		5572E4492FBC6E78924112F3 /* FalseColor.swift in Sources */ = {isa = PBXBuildFile; fileRef = 5572E46634764454A370EF86 /* FalseColor.swift */; };
		5572E460D55D2684FCBD0A4A /* LaunchScreen.storyboard in Resources */ = {isa = PBXBuildFile; fileRef = 5572E3EF5DCC93DFF0BD73D1 /* LaunchScreen.storyboard */; };
		5572E4B7A3DC337CBB5254E0 /* MedianFilter.swift in Sources */ = {isa = PBXBuildFile; fileRef = 5572E6E10B1D77B752249929 /* MedianFilter.swift */; };
		5572E4EAE1AF4868D8E49E53 /* WhitePointAdjust.swift in Sources */ = {isa = PBXBuildFile; fileRef = 5572E3C038F8499D109F5700 /* WhitePointAdjust.swift */; };
		5572E4FD8E87C99FFA643506 /* PhotoEffectChrome.swift in Sources */ = {isa = PBXBuildFile; fileRef = 5572E7B911E874EA3F546462 /* PhotoEffectChrome.swift */; };
		5572E55D2599EAE5881C1673 /* VignetteEffect.swift in Sources */ = {isa = PBXBuildFile; fileRef = 5572ED9A0BA45CC87BDAF51A /* VignetteEffect.swift */; };
		5572E613F5A067B39764A18C /* Assets.xcassets in Resources */ = {isa = PBXBuildFile; fileRef = 5572E343CD6DF030C78C89E4 /* Assets.xcassets */; };
		5572E630615BC8EEE7103947 /* MotionBlur.swift in Sources */ = {isa = PBXBuildFile; fileRef = 5572ED97C24B5CD187F52A73 /* MotionBlur.swift */; };
		5572E65E5A775D03D1190E78 /* Saturation.swift in Sources */ = {isa = PBXBuildFile; fileRef = 5572E14385BAC99B9D4F449D /* Saturation.swift */; };
		5572E686D8B2D67AA9584C92 /* PhotoEffectInstant.swift in Sources */ = {isa = PBXBuildFile; fileRef = 5572ECEE8796B5D3C16FE380 /* PhotoEffectInstant.swift */; };
		5572E6B4E31ECFAE662B22CB /* EV.swift in Sources */ = {isa = PBXBuildFile; fileRef = 5572E6E85740C30774154122 /* EV.swift */; };
		5572E6BB3270C58F3301158C /* BoxBlur.swift in Sources */ = {isa = PBXBuildFile; fileRef = 5572EB3BCB05C73988FE8B56 /* BoxBlur.swift */; };
		5572E6BED04673B5D6E3BE4A /* NoiseLevel.swift in Sources */ = {isa = PBXBuildFile; fileRef = 5572E36F2F0D7E6B6CCF549D /* NoiseLevel.swift */; };
		5572E6F0158E11AACB9D66A8 /* ColorMap.swift in Sources */ = {isa = PBXBuildFile; fileRef = 5572E1B1F84720BEAA6C9C09 /* ColorMap.swift */; };
		5572E70FFEF80911F1A685C9 /* Vignette.swift in Sources */ = {isa = PBXBuildFile; fileRef = 5572E0B7542156D17CE6E66A /* Vignette.swift */; };
		5572E7307C74E1ACE600CF3E /* MaximumComponent.swift in Sources */ = {isa = PBXBuildFile; fileRef = 5572EBC7750A315D0B328F1E /* MaximumComponent.swift */; };
		5572E73C0E4C59267718DB25 /* Radius.swift in Sources */ = {isa = PBXBuildFile; fileRef = 5572E1879E95825FDDB5C035 /* Radius.swift */; };
		5572E76FCD6306208E7814D4 /* TestViewController.swift in Sources */ = {isa = PBXBuildFile; fileRef = 5572E03709F467D0CBADA2EF /* TestViewController.swift */; };
		5572E78D473333413CA39044 /* ColorCrossPolynomial.swift in Sources */ = {isa = PBXBuildFile; fileRef = 5572EF9909E3D83B39AAA078 /* ColorCrossPolynomial.swift */; };
		5572E7AD140CD2571F1AAF4A /* Sharpness.swift in Sources */ = {isa = PBXBuildFile; fileRef = 5572E52DAE0B4569A7E75B73 /* Sharpness.swift */; };
		5572E7FD726F89C946897D69 /* Cube.swift in Sources */ = {isa = PBXBuildFile; fileRef = 5572E4B51E0CB5CD2B41F254 /* Cube.swift */; };
		5572E80ED9D7923871D104AB /* ColorInvert.swift in Sources */ = {isa = PBXBuildFile; fileRef = 5572EE4537A24361BED0ED2E /* ColorInvert.swift */; };
		5572E82869C96EA6BB6CD143 /* CIGammaAdjust.swift in Sources */ = {isa = PBXBuildFile; fileRef = 5572E250FE1AC1889C7F1D3B /* CIGammaAdjust.swift */; };
		5572E842441E855ADA989028 /* AppDelegate.swift in Sources */ = {isa = PBXBuildFile; fileRef = 5572E931CDC2A23736AD0D39 /* AppDelegate.swift */; };
		5572E8561AE6EDA7C68D1733 /* ImageProcessable.swift in Sources */ = {isa = PBXBuildFile; fileRef = 5572EB0824E05A825111358A /* ImageProcessable.swift */; };
		5572E861D37594084E27F7E0 /* PhotoEffectFade.swift in Sources */ = {isa = PBXBuildFile; fileRef = 5572E65271544F02945E7B85 /* PhotoEffectFade.swift */; };
		5572E8B8A2F0515E69682A66 /* DiscBlur.swift in Sources */ = {isa = PBXBuildFile; fileRef = 5572EAA03BC34ECF1A4471D6 /* DiscBlur.swift */; };
		5572E8F1693CF67623CE2BB0 /* ColorPolynomial.swift in Sources */ = {isa = PBXBuildFile; fileRef = 5572E7E826E24C3AD998F803 /* ColorPolynomial.swift */; };
		5572E906874E4D0C9ACDC6D2 /* Intensity.swift in Sources */ = {isa = PBXBuildFile; fileRef = 5572EF053E5D880D0BF16619 /* Intensity.swift */; };
		5572E93557FBA3E7F13043C1 /* ColorControls.swift in Sources */ = {isa = PBXBuildFile; fileRef = 5572EF1345D4ADC4F5F6E7C5 /* ColorControls.swift */; };
		5572E9FF47B9DB74812D22F4 /* ColorMatrix.swift in Sources */ = {isa = PBXBuildFile; fileRef = 5572EA44C19275235C3C69D1 /* ColorMatrix.swift */; };
		5572EA1A48AA541A026EA896 /* Color.swift in Sources */ = {isa = PBXBuildFile; fileRef = 5572E1A973404BA86D0F9E53 /* Color.swift */; };
		5572EAB9A4E93650F4EB7F99 /* ToneCurve.swift in Sources */ = {isa = PBXBuildFile; fileRef = 5572EA27EA42EEB8B4505D25 /* ToneCurve.swift */; };
		5572EABCDFD98B408EF2C878 /* Info.plist in Resources */ = {isa = PBXBuildFile; fileRef = 5572E90D24AFA433EF13A385 /* Info.plist */; };
		5572EAC8A0F6F01EBDD1939D /* Main.storyboard in Resources */ = {isa = PBXBuildFile; fileRef = 5572E3EF82D48D2B1F0B3F76 /* Main.storyboard */; };
		5572EAD4074E2A85FD224075 /* NSNumber+Limit.swift in Sources */ = {isa = PBXBuildFile; fileRef = 5572EE259DC43D17143783A1 /* NSNumber+Limit.swift */; };
		5572EAF110BA4D7B3F95812D /* CoreImageExamTests.swift in Sources */ = {isa = PBXBuildFile; fileRef = 5572E944DD6D839D5704313A /* CoreImageExamTests.swift */; };
		5572EB133934BD6B5DB0F38B /* ColorMonochrome.swift in Sources */ = {isa = PBXBuildFile; fileRef = 5572EF52BB6CB996D4A14684 /* ColorMonochrome.swift */; };
		5572EB1BA3E7722F3454F7DF /* HueAdjust.swift in Sources */ = {isa = PBXBuildFile; fileRef = 5572EB0002DB5C28332CEF0A /* HueAdjust.swift */; };
		5572EB693FAF84641850C554 /* GradientImage.swift in Sources */ = {isa = PBXBuildFile; fileRef = 5572E1021425236D3C3D0656 /* GradientImage.swift */; };
		5572ECB40F245F98F287F46D /* ColorCube.swift in Sources */ = {isa = PBXBuildFile; fileRef = 5572EFCAA6C4D3937EA89F43 /* ColorCube.swift */; };
		5572ED0853A89CF74FD937C4 /* ColorCubeWithColorSpace.swift in Sources */ = {isa = PBXBuildFile; fileRef = 5572E26641532DDD4CD9DB16 /* ColorCubeWithColorSpace.swift */; };
		5572ED21508760217D966753 /* PhotoEffectTransfer.swift in Sources */ = {isa = PBXBuildFile; fileRef = 5572EAC9A084843E26CDAF3A /* PhotoEffectTransfer.swift */; };
		5572ED6C4CB9CBA41926AA60 /* ZoomBlur.swift in Sources */ = {isa = PBXBuildFile; fileRef = 5572E24035EA490FAEDEFCE1 /* ZoomBlur.swift */; };
		5572EEABFFA890CC48F462E1 /* Info.plist in Resources */ = {isa = PBXBuildFile; fileRef = 5572E285D37670721FE35D4D /* Info.plist */; };
		5572EEE052AF3E5625BA5B3A /* PhotoEffectProcess.swift in Sources */ = {isa = PBXBuildFile; fileRef = 5572EAF2034A86A340108803 /* PhotoEffectProcess.swift */; };
		5572EF19D62400EF0BF04350 /* Vibrance.swift in Sources */ = {isa = PBXBuildFile; fileRef = 5572E70006E83665741A1934 /* Vibrance.swift */; };
		5572EF97331D2CE0C6B44E14 /* TemperatureAndTint.swift in Sources */ = {isa = PBXBuildFile; fileRef = 5572E6DFB6DA81E4B3B6BDA4 /* TemperatureAndTint.swift */; };
		7E174A521CD4EE9A00EEAFDE /* FilterDetailViewController.swift in Sources */ = {isa = PBXBuildFile; fileRef = 7E174A511CD4EE9A00EEAFDE /* FilterDetailViewController.swift */; };
		7E419A241CD5C1DB004C335D /* FilterAttributeCell.swift in Sources */ = {isa = PBXBuildFile; fileRef = 7E419A231CD5C1DB004C335D /* FilterAttributeCell.swift */; };
/* End PBXBuildFile section */

/* Begin PBXContainerItemProxy section */
		5572ED23FC094709F58922C4 /* PBXContainerItemProxy */ = {
			isa = PBXContainerItemProxy;
			containerPortal = 5572EA0335795221B090E538 /* Project object */;
			proxyType = 1;
			remoteGlobalIDString = 5572EE146CB6C9F79E7D45A2;
			remoteInfo = CoreImageExam;
		};
/* End PBXContainerItemProxy section */

/* Begin PBXFileReference section */
		5572E03709F467D0CBADA2EF /* TestViewController.swift */ = {isa = PBXFileReference; fileEncoding = 4; lastKnownFileType = sourcecode.swift; path = TestViewController.swift; sourceTree = "<group>"; };
		5572E0B7542156D17CE6E66A /* Vignette.swift */ = {isa = PBXFileReference; fileEncoding = 4; lastKnownFileType = sourcecode.swift; path = Vignette.swift; sourceTree = "<group>"; };
		5572E1021425236D3C3D0656 /* GradientImage.swift */ = {isa = PBXFileReference; fileEncoding = 4; lastKnownFileType = sourcecode.swift; path = GradientImage.swift; sourceTree = "<group>"; };
		5572E14385BAC99B9D4F449D /* Saturation.swift */ = {isa = PBXFileReference; fileEncoding = 4; lastKnownFileType = sourcecode.swift; path = Saturation.swift; sourceTree = "<group>"; };
		5572E1879E95825FDDB5C035 /* Radius.swift */ = {isa = PBXFileReference; fileEncoding = 4; lastKnownFileType = sourcecode.swift; path = Radius.swift; sourceTree = "<group>"; };
		5572E1A973404BA86D0F9E53 /* Color.swift */ = {isa = PBXFileReference; fileEncoding = 4; lastKnownFileType = sourcecode.swift; path = Color.swift; sourceTree = "<group>"; };
		5572E1B1F84720BEAA6C9C09 /* ColorMap.swift */ = {isa = PBXFileReference; fileEncoding = 4; lastKnownFileType = sourcecode.swift; path = ColorMap.swift; sourceTree = "<group>"; };
		5572E210C53C4CC47229B752 /* ExposureAdjust.swift */ = {isa = PBXFileReference; fileEncoding = 4; lastKnownFileType = sourcecode.swift; path = ExposureAdjust.swift; sourceTree = "<group>"; };
		5572E24035EA490FAEDEFCE1 /* ZoomBlur.swift */ = {isa = PBXFileReference; fileEncoding = 4; lastKnownFileType = sourcecode.swift; path = ZoomBlur.swift; sourceTree = "<group>"; };
		5572E250FE1AC1889C7F1D3B /* CIGammaAdjust.swift */ = {isa = PBXFileReference; fileEncoding = 4; lastKnownFileType = sourcecode.swift; path = CIGammaAdjust.swift; sourceTree = "<group>"; };
		5572E26641532DDD4CD9DB16 /* ColorCubeWithColorSpace.swift */ = {isa = PBXFileReference; fileEncoding = 4; lastKnownFileType = sourcecode.swift; path = ColorCubeWithColorSpace.swift; sourceTree = "<group>"; };
		5572E271CDE01DFFF9BFF432 /* Angle.swift */ = {isa = PBXFileReference; fileEncoding = 4; lastKnownFileType = sourcecode.swift; path = Angle.swift; sourceTree = "<group>"; };
		5572E285D37670721FE35D4D /* Info.plist */ = {isa = PBXFileReference; lastKnownFileType = text.plist.info; path = Info.plist; sourceTree = "<group>"; };
		5572E32F3B12535463AE2684 /* GaussianBlur.swift */ = {isa = PBXFileReference; fileEncoding = 4; lastKnownFileType = sourcecode.swift; path = GaussianBlur.swift; sourceTree = "<group>"; };
		5572E343CD6DF030C78C89E4 /* Assets.xcassets */ = {isa = PBXFileReference; lastKnownFileType = folder.assetcatalog; path = Assets.xcassets; sourceTree = "<group>"; };
		5572E36F2F0D7E6B6CCF549D /* NoiseLevel.swift */ = {isa = PBXFileReference; fileEncoding = 4; lastKnownFileType = sourcecode.swift; path = NoiseLevel.swift; sourceTree = "<group>"; };
		5572E3C038F8499D109F5700 /* WhitePointAdjust.swift */ = {isa = PBXFileReference; fileEncoding = 4; lastKnownFileType = sourcecode.swift; path = WhitePointAdjust.swift; sourceTree = "<group>"; };
		5572E3DDE01D540D4FE34E66 /* SRGBToneCurveToLinear.swift */ = {isa = PBXFileReference; fileEncoding = 4; lastKnownFileType = sourcecode.swift; path = SRGBToneCurveToLinear.swift; sourceTree = "<group>"; };
		5572E46634764454A370EF86 /* FalseColor.swift */ = {isa = PBXFileReference; fileEncoding = 4; lastKnownFileType = sourcecode.swift; path = FalseColor.swift; sourceTree = "<group>"; };
		5572E4B51E0CB5CD2B41F254 /* Cube.swift */ = {isa = PBXFileReference; fileEncoding = 4; lastKnownFileType = sourcecode.swift; path = Cube.swift; sourceTree = "<group>"; };
		5572E50A1FE31D7DE2F150D3 /* Contrast.swift */ = {isa = PBXFileReference; fileEncoding = 4; lastKnownFileType = sourcecode.swift; path = Contrast.swift; sourceTree = "<group>"; };
		5572E52DAE0B4569A7E75B73 /* Sharpness.swift */ = {isa = PBXFileReference; fileEncoding = 4; lastKnownFileType = sourcecode.swift; path = Sharpness.swift; sourceTree = "<group>"; };
		5572E558E2AC7F126D92DC27 /* Polynomial.swift */ = {isa = PBXFileReference; fileEncoding = 4; lastKnownFileType = sourcecode.swift; path = Polynomial.swift; sourceTree = "<group>"; };
		5572E58A4A123D0340A2C966 /* PhotoEffectTonal.swift */ = {isa = PBXFileReference; fileEncoding = 4; lastKnownFileType = sourcecode.swift; path = PhotoEffectTonal.swift; sourceTree = "<group>"; };
		5572E65271544F02945E7B85 /* PhotoEffectFade.swift */ = {isa = PBXFileReference; fileEncoding = 4; lastKnownFileType = sourcecode.swift; path = PhotoEffectFade.swift; sourceTree = "<group>"; };
		5572E6623D3E9C9E85238BE8 /* CoreImageExamTests.xctest */ = {isa = PBXFileReference; explicitFileType = wrapper.cfbundle; includeInIndex = 0; path = CoreImageExamTests.xctest; sourceTree = BUILT_PRODUCTS_DIR; };
		5572E6DFB6DA81E4B3B6BDA4 /* TemperatureAndTint.swift */ = {isa = PBXFileReference; fileEncoding = 4; lastKnownFileType = sourcecode.swift; path = TemperatureAndTint.swift; sourceTree = "<group>"; };
		5572E6E10B1D77B752249929 /* MedianFilter.swift */ = {isa = PBXFileReference; fileEncoding = 4; lastKnownFileType = sourcecode.swift; path = MedianFilter.swift; sourceTree = "<group>"; };
		5572E6E85740C30774154122 /* EV.swift */ = {isa = PBXFileReference; fileEncoding = 4; lastKnownFileType = sourcecode.swift; path = EV.swift; sourceTree = "<group>"; };
		5572E70006E83665741A1934 /* Vibrance.swift */ = {isa = PBXFileReference; fileEncoding = 4; lastKnownFileType = sourcecode.swift; path = Vibrance.swift; sourceTree = "<group>"; };
		5572E7B911E874EA3F546462 /* PhotoEffectChrome.swift */ = {isa = PBXFileReference; fileEncoding = 4; lastKnownFileType = sourcecode.swift; path = PhotoEffectChrome.swift; sourceTree = "<group>"; };
		5572E7C39A3B976963D3E953 /* FilterListViewController.swift */ = {isa = PBXFileReference; fileEncoding = 4; lastKnownFileType = sourcecode.swift; path = FilterListViewController.swift; sourceTree = "<group>"; };
		5572E7E826E24C3AD998F803 /* ColorPolynomial.swift */ = {isa = PBXFileReference; fileEncoding = 4; lastKnownFileType = sourcecode.swift; path = ColorPolynomial.swift; sourceTree = "<group>"; };
		5572E8592922DAB472351A3E /* PhotoEffectNoir.swift */ = {isa = PBXFileReference; fileEncoding = 4; lastKnownFileType = sourcecode.swift; path = PhotoEffectNoir.swift; sourceTree = "<group>"; };
		5572E8C4D7F802DFACD72289 /* MinimumComponent.swift */ = {isa = PBXFileReference; fileEncoding = 4; lastKnownFileType = sourcecode.swift; path = MinimumComponent.swift; sourceTree = "<group>"; };
		5572E90D24AFA433EF13A385 /* Info.plist */ = {isa = PBXFileReference; lastKnownFileType = text.plist.info; path = Info.plist; sourceTree = "<group>"; };
		5572E931CDC2A23736AD0D39 /* AppDelegate.swift */ = {isa = PBXFileReference; lastKnownFileType = sourcecode.swift; path = AppDelegate.swift; sourceTree = "<group>"; };
		5572E944DD6D839D5704313A /* CoreImageExamTests.swift */ = {isa = PBXFileReference; lastKnownFileType = sourcecode.swift; path = CoreImageExamTests.swift; sourceTree = "<group>"; };
		5572E9FDB8E0C34B0BCC9294 /* Amount.swift */ = {isa = PBXFileReference; fileEncoding = 4; lastKnownFileType = sourcecode.swift; path = Amount.swift; sourceTree = "<group>"; };
		5572EA27EA42EEB8B4505D25 /* ToneCurve.swift */ = {isa = PBXFileReference; fileEncoding = 4; lastKnownFileType = sourcecode.swift; path = ToneCurve.swift; sourceTree = "<group>"; };
		5572EA44C19275235C3C69D1 /* ColorMatrix.swift */ = {isa = PBXFileReference; fileEncoding = 4; lastKnownFileType = sourcecode.swift; path = ColorMatrix.swift; sourceTree = "<group>"; };
		5572EAA03BC34ECF1A4471D6 /* DiscBlur.swift */ = {isa = PBXFileReference; fileEncoding = 4; lastKnownFileType = sourcecode.swift; path = DiscBlur.swift; sourceTree = "<group>"; };
		5572EAC9A084843E26CDAF3A /* PhotoEffectTransfer.swift */ = {isa = PBXFileReference; fileEncoding = 4; lastKnownFileType = sourcecode.swift; path = PhotoEffectTransfer.swift; sourceTree = "<group>"; };
		5572EAF2034A86A340108803 /* PhotoEffectProcess.swift */ = {isa = PBXFileReference; fileEncoding = 4; lastKnownFileType = sourcecode.swift; path = PhotoEffectProcess.swift; sourceTree = "<group>"; };
		5572EB0002DB5C28332CEF0A /* HueAdjust.swift */ = {isa = PBXFileReference; fileEncoding = 4; lastKnownFileType = sourcecode.swift; path = HueAdjust.swift; sourceTree = "<group>"; };
		5572EB0824E05A825111358A /* ImageProcessable.swift */ = {isa = PBXFileReference; fileEncoding = 4; lastKnownFileType = sourcecode.swift; path = ImageProcessable.swift; sourceTree = "<group>"; };
		5572EB3BCB05C73988FE8B56 /* BoxBlur.swift */ = {isa = PBXFileReference; fileEncoding = 4; lastKnownFileType = sourcecode.swift; path = BoxBlur.swift; sourceTree = "<group>"; };
		5572EBC7750A315D0B328F1E /* MaximumComponent.swift */ = {isa = PBXFileReference; fileEncoding = 4; lastKnownFileType = sourcecode.swift; path = MaximumComponent.swift; sourceTree = "<group>"; };
		5572EBCA3688D978DBE4C84B /* ColorClamp.swift */ = {isa = PBXFileReference; fileEncoding = 4; lastKnownFileType = sourcecode.swift; path = ColorClamp.swift; sourceTree = "<group>"; };
		5572EBE9C343126D4737D04F /* LinearToSRGBToneCurve.swift */ = {isa = PBXFileReference; fileEncoding = 4; lastKnownFileType = sourcecode.swift; path = LinearToSRGBToneCurve.swift; sourceTree = "<group>"; };
		5572EC61CEDB3ECEBE4D7014 /* Mask.swift */ = {isa = PBXFileReference; fileEncoding = 4; lastKnownFileType = sourcecode.swift; path = Mask.swift; sourceTree = "<group>"; };
		5572ECEE8796B5D3C16FE380 /* PhotoEffectInstant.swift */ = {isa = PBXFileReference; fileEncoding = 4; lastKnownFileType = sourcecode.swift; path = PhotoEffectInstant.swift; sourceTree = "<group>"; };
		5572ED00BA0E7CC791CC009D /* Base */ = {isa = PBXFileReference; lastKnownFileType = file.storyboard; name = Base; path = CoreImageExam/Base.lproj/Main.storyboard; sourceTree = SOURCE_ROOT; };
		5572ED29ADE436D19057FD55 /* SepiaTone.swift */ = {isa = PBXFileReference; fileEncoding = 4; lastKnownFileType = sourcecode.swift; path = SepiaTone.swift; sourceTree = "<group>"; };
		5572ED97C24B5CD187F52A73 /* MotionBlur.swift */ = {isa = PBXFileReference; fileEncoding = 4; lastKnownFileType = sourcecode.swift; path = MotionBlur.swift; sourceTree = "<group>"; };
		5572ED9A0BA45CC87BDAF51A /* VignetteEffect.swift */ = {isa = PBXFileReference; fileEncoding = 4; lastKnownFileType = sourcecode.swift; path = VignetteEffect.swift; sourceTree = "<group>"; };
		5572EDA7216D296F2F11A46C /* Brightness.swift */ = {isa = PBXFileReference; fileEncoding = 4; lastKnownFileType = sourcecode.swift; path = Brightness.swift; sourceTree = "<group>"; };
		5572EE259DC43D17143783A1 /* NSNumber+Limit.swift */ = {isa = PBXFileReference; fileEncoding = 4; lastKnownFileType = sourcecode.swift; path = "NSNumber+Limit.swift"; sourceTree = "<group>"; };
		5572EE4537A24361BED0ED2E /* ColorInvert.swift */ = {isa = PBXFileReference; fileEncoding = 4; lastKnownFileType = sourcecode.swift; path = ColorInvert.swift; sourceTree = "<group>"; };
		5572EE96CF68F931CE8B8683 /* Base */ = {isa = PBXFileReference; lastKnownFileType = file.storyboard; name = Base; path = Base.lproj/LaunchScreen.storyboard; sourceTree = "<group>"; };
		5572EED723B2C3DDAAB87E3C /* Center.swift */ = {isa = PBXFileReference; fileEncoding = 4; lastKnownFileType = sourcecode.swift; path = Center.swift; sourceTree = "<group>"; };
		5572EEEA76095C2B41103E64 /* CoreImageExam.app */ = {isa = PBXFileReference; explicitFileType = wrapper.application; includeInIndex = 0; path = CoreImageExam.app; sourceTree = BUILT_PRODUCTS_DIR; };
		5572EF053E5D880D0BF16619 /* Intensity.swift */ = {isa = PBXFileReference; fileEncoding = 4; lastKnownFileType = sourcecode.swift; path = Intensity.swift; sourceTree = "<group>"; };
		5572EF1084F4920C7C14377E /* MaskedVariableBlur.swift */ = {isa = PBXFileReference; fileEncoding = 4; lastKnownFileType = sourcecode.swift; path = MaskedVariableBlur.swift; sourceTree = "<group>"; };
		5572EF1345D4ADC4F5F6E7C5 /* ColorControls.swift */ = {isa = PBXFileReference; fileEncoding = 4; lastKnownFileType = sourcecode.swift; path = ColorControls.swift; sourceTree = "<group>"; };
		5572EF3C50B06545D124A7F7 /* NoiseReduction.swift */ = {isa = PBXFileReference; fileEncoding = 4; lastKnownFileType = sourcecode.swift; path = NoiseReduction.swift; sourceTree = "<group>"; };
		5572EF52BB6CB996D4A14684 /* ColorMonochrome.swift */ = {isa = PBXFileReference; fileEncoding = 4; lastKnownFileType = sourcecode.swift; path = ColorMonochrome.swift; sourceTree = "<group>"; };
		5572EF9909E3D83B39AAA078 /* ColorCrossPolynomial.swift */ = {isa = PBXFileReference; fileEncoding = 4; lastKnownFileType = sourcecode.swift; path = ColorCrossPolynomial.swift; sourceTree = "<group>"; };
		5572EFCAA6C4D3937EA89F43 /* ColorCube.swift */ = {isa = PBXFileReference; fileEncoding = 4; lastKnownFileType = sourcecode.swift; path = ColorCube.swift; sourceTree = "<group>"; };
		5572EFCDE2C1F4EB8469CE62 /* ColorPosterize.swift */ = {isa = PBXFileReference; fileEncoding = 4; lastKnownFileType = sourcecode.swift; path = ColorPosterize.swift; sourceTree = "<group>"; };
		5572EFD97FC6ECB49668A241 /* CIMaskToAlpha.swift */ = {isa = PBXFileReference; fileEncoding = 4; lastKnownFileType = sourcecode.swift; path = CIMaskToAlpha.swift; sourceTree = "<group>"; };
		5572EFE975D2527C42EBA8D0 /* PhotoEffectMono.swift */ = {isa = PBXFileReference; fileEncoding = 4; lastKnownFileType = sourcecode.swift; path = PhotoEffectMono.swift; sourceTree = "<group>"; };
		7E174A511CD4EE9A00EEAFDE /* FilterDetailViewController.swift */ = {isa = PBXFileReference; fileEncoding = 4; lastKnownFileType = sourcecode.swift; path = FilterDetailViewController.swift; sourceTree = "<group>"; };
		7E419A231CD5C1DB004C335D /* FilterAttributeCell.swift */ = {isa = PBXFileReference; fileEncoding = 4; lastKnownFileType = sourcecode.swift; path = FilterAttributeCell.swift; sourceTree = "<group>"; };
/* End PBXFileReference section */

/* Begin PBXFrameworksBuildPhase section */
		5572EDBD0E53DC9FC6CDBA31 /* Frameworks */ = {
			isa = PBXFrameworksBuildPhase;
			buildActionMask = 2147483647;
			files = (
			);
			runOnlyForDeploymentPostprocessing = 0;
		};
		5572EF92FD2A87D719900513 /* Frameworks */ = {
			isa = PBXFrameworksBuildPhase;
			buildActionMask = 2147483647;
			files = (
			);
			runOnlyForDeploymentPostprocessing = 0;
		};
/* End PBXFrameworksBuildPhase section */

/* Begin PBXGroup section */
		5572E01BDA209D3F7AE1DBFB = {
			isa = PBXGroup;
			children = (
				5572E584DECB483E5ABFED10 /* Products */,
				5572EFEDE021139AE0295029 /* CoreImageExam */,
				5572E89B61476841411144FC /* CoreImageExamTests */,
			);
			sourceTree = "<group>";
		};
		5572E4EAB01B5BD8A5A934BD /* ColorAdjustment */ = {
			isa = PBXGroup;
			children = (
				5572EBCA3688D978DBE4C84B /* ColorClamp.swift */,
				5572EF1345D4ADC4F5F6E7C5 /* ColorControls.swift */,
				5572EDA7216D296F2F11A46C /* Brightness.swift */,
				5572EA44C19275235C3C69D1 /* ColorMatrix.swift */,
				5572E7E826E24C3AD998F803 /* ColorPolynomial.swift */,
				5572E210C53C4CC47229B752 /* ExposureAdjust.swift */,
				5572E250FE1AC1889C7F1D3B /* CIGammaAdjust.swift */,
				5572EB0002DB5C28332CEF0A /* HueAdjust.swift */,
				5572EBE9C343126D4737D04F /* LinearToSRGBToneCurve.swift */,
				5572E3DDE01D540D4FE34E66 /* SRGBToneCurveToLinear.swift */,
				5572E6DFB6DA81E4B3B6BDA4 /* TemperatureAndTint.swift */,
				5572EA27EA42EEB8B4505D25 /* ToneCurve.swift */,
				5572E70006E83665741A1934 /* Vibrance.swift */,
				5572E3C038F8499D109F5700 /* WhitePointAdjust.swift */,
			);
			path = ColorAdjustment;
			sourceTree = "<group>";
		};
		5572E584DECB483E5ABFED10 /* Products */ = {
			isa = PBXGroup;
			children = (
				5572EEEA76095C2B41103E64 /* CoreImageExam.app */,
				5572E6623D3E9C9E85238BE8 /* CoreImageExamTests.xctest */,
			);
			name = Products;
			sourceTree = "<group>";
		};
		5572E782E1E68A4E96B6447B /* Blur */ = {
			isa = PBXGroup;
			children = (
				5572EB3BCB05C73988FE8B56 /* BoxBlur.swift */,
				5572EAA03BC34ECF1A4471D6 /* DiscBlur.swift */,
				5572E32F3B12535463AE2684 /* GaussianBlur.swift */,
				5572EF1084F4920C7C14377E /* MaskedVariableBlur.swift */,
				5572E6E10B1D77B752249929 /* MedianFilter.swift */,
				5572ED97C24B5CD187F52A73 /* MotionBlur.swift */,
				5572EF3C50B06545D124A7F7 /* NoiseReduction.swift */,
				5572E24035EA490FAEDEFCE1 /* ZoomBlur.swift */,
			);
			path = Blur;
			sourceTree = "<group>";
		};
		5572E89B61476841411144FC /* CoreImageExamTests */ = {
			isa = PBXGroup;
			children = (
				5572E90D24AFA433EF13A385 /* Info.plist */,
				5572E944DD6D839D5704313A /* CoreImageExamTests.swift */,
			);
			path = CoreImageExamTests;
			sourceTree = "<group>";
		};
		5572EBCE8EFA71CCF1D1FCA0 /* ColorEffect */ = {
			isa = PBXGroup;
			children = (
				5572EF9909E3D83B39AAA078 /* ColorCrossPolynomial.swift */,
				5572EFCAA6C4D3937EA89F43 /* ColorCube.swift */,
				5572E26641532DDD4CD9DB16 /* ColorCubeWithColorSpace.swift */,
				5572EE4537A24361BED0ED2E /* ColorInvert.swift */,
				5572E1B1F84720BEAA6C9C09 /* ColorMap.swift */,
				5572EF52BB6CB996D4A14684 /* ColorMonochrome.swift */,
				5572EFCDE2C1F4EB8469CE62 /* ColorPosterize.swift */,
				5572E46634764454A370EF86 /* FalseColor.swift */,
				5572EFD97FC6ECB49668A241 /* CIMaskToAlpha.swift */,
				5572EBC7750A315D0B328F1E /* MaximumComponent.swift */,
				5572E8C4D7F802DFACD72289 /* MinimumComponent.swift */,
				5572E7B911E874EA3F546462 /* PhotoEffectChrome.swift */,
				5572E65271544F02945E7B85 /* PhotoEffectFade.swift */,
				5572ECEE8796B5D3C16FE380 /* PhotoEffectInstant.swift */,
				5572EFE975D2527C42EBA8D0 /* PhotoEffectMono.swift */,
				5572E8592922DAB472351A3E /* PhotoEffectNoir.swift */,
				5572EAF2034A86A340108803 /* PhotoEffectProcess.swift */,
				5572E58A4A123D0340A2C966 /* PhotoEffectTonal.swift */,
				5572EAC9A084843E26CDAF3A /* PhotoEffectTransfer.swift */,
				5572ED29ADE436D19057FD55 /* SepiaTone.swift */,
				5572E0B7542156D17CE6E66A /* Vignette.swift */,
				5572ED9A0BA45CC87BDAF51A /* VignetteEffect.swift */,
			);
			path = ColorEffect;
			sourceTree = "<group>";
		};
		5572ED20529F906B152BBE81 /* CoreImage */ = {
			isa = PBXGroup;
			children = (
				5572EB0824E05A825111358A /* ImageProcessable.swift */,
				5572E782E1E68A4E96B6447B /* Blur */,
				5572E1879E95825FDDB5C035 /* Radius.swift */,
				5572EC61CEDB3ECEBE4D7014 /* Mask.swift */,
				5572E271CDE01DFFF9BFF432 /* Angle.swift */,
				5572E36F2F0D7E6B6CCF549D /* NoiseLevel.swift */,
				5572EEAA307AD157598F923D /* extension */,
				5572E52DAE0B4569A7E75B73 /* Sharpness.swift */,
				5572EED723B2C3DDAAB87E3C /* Center.swift */,
				5572E9FDB8E0C34B0BCC9294 /* Amount.swift */,
				5572E4EAB01B5BD8A5A934BD /* ColorAdjustment */,
				5572E50A1FE31D7DE2F150D3 /* Contrast.swift */,
				5572E14385BAC99B9D4F449D /* Saturation.swift */,
				5572E6E85740C30774154122 /* EV.swift */,
				5572E1A973404BA86D0F9E53 /* Color.swift */,
				5572EBCE8EFA71CCF1D1FCA0 /* ColorEffect */,
				5572E558E2AC7F126D92DC27 /* Polynomial.swift */,
				5572E4B51E0CB5CD2B41F254 /* Cube.swift */,
				5572E1021425236D3C3D0656 /* GradientImage.swift */,
				5572EF053E5D880D0BF16619 /* Intensity.swift */,
			);
			path = CoreImage;
			sourceTree = "<group>";
		};
		5572ED574297460F71881F76 /* Controller */ = {
			isa = PBXGroup;
			children = (
				5572E03709F467D0CBADA2EF /* TestViewController.swift */,
				5572E7C39A3B976963D3E953 /* FilterListViewController.swift */,
				7E174A511CD4EE9A00EEAFDE /* FilterDetailViewController.swift */,
				7E419A231CD5C1DB004C335D /* FilterAttributeCell.swift */,
				5572E3EF82D48D2B1F0B3F76 /* Main.storyboard */,
			);
			path = Controller;
			sourceTree = "<group>";
		};
		5572EEAA307AD157598F923D /* extension */ = {
			isa = PBXGroup;
			children = (
				5572EE259DC43D17143783A1 /* NSNumber+Limit.swift */,
			);
			path = extension;
			sourceTree = "<group>";
		};
		5572EFEDE021139AE0295029 /* CoreImageExam */ = {
			isa = PBXGroup;
			children = (
				5572E343CD6DF030C78C89E4 /* Assets.xcassets */,
				5572E931CDC2A23736AD0D39 /* AppDelegate.swift */,
				5572ED574297460F71881F76 /* Controller */,
				7E174A501CD4ED3400EEAFDE /* Others */,
				5572ED20529F906B152BBE81 /* CoreImage */,
			);
			path = CoreImageExam;
			sourceTree = "<group>";
		};
		7E174A501CD4ED3400EEAFDE /* Others */ = {
			isa = PBXGroup;
			children = (
				5572E285D37670721FE35D4D /* Info.plist */,
				5572E3EF5DCC93DFF0BD73D1 /* LaunchScreen.storyboard */,
			);
			name = Others;
			sourceTree = "<group>";
		};
/* End PBXGroup section */

/* Begin PBXNativeTarget section */
		5572E5BEBEE6EE826C8AEED6 /* CoreImageExamTests */ = {
			isa = PBXNativeTarget;
			buildConfigurationList = 5572E7E7C1E2B5E5F0AC12A7 /* Build configuration list for PBXNativeTarget "CoreImageExamTests" */;
			buildPhases = (
				5572EBB1AC3530AA08675DFA /* Sources */,
				5572EF92FD2A87D719900513 /* Frameworks */,
				5572EF156639F775DFDF7CA2 /* Resources */,
			);
			buildRules = (
			);
			dependencies = (
				5572EFEE2067B7EB4271B37D /* PBXTargetDependency */,
			);
			name = CoreImageExamTests;
			productName = CoreImageExamTests;
			productReference = 5572E6623D3E9C9E85238BE8 /* CoreImageExamTests.xctest */;
			productType = "com.apple.product-type.bundle.unit-test";
		};
		5572EE146CB6C9F79E7D45A2 /* CoreImageExam */ = {
			isa = PBXNativeTarget;
			buildConfigurationList = 5572E53AEAE10D16DB7B7E04 /* Build configuration list for PBXNativeTarget "CoreImageExam" */;
			buildPhases = (
				5572E783580A1424AAB25086 /* Sources */,
				5572EDBD0E53DC9FC6CDBA31 /* Frameworks */,
				5572E8E807F98446041867B6 /* Resources */,
			);
			buildRules = (
			);
			dependencies = (
			);
			name = CoreImageExam;
			productName = CoreImageExam;
			productReference = 5572EEEA76095C2B41103E64 /* CoreImageExam.app */;
			productType = "com.apple.product-type.application";
		};
/* End PBXNativeTarget section */

/* Begin PBXProject section */
		5572EA0335795221B090E538 /* Project object */ = {
			isa = PBXProject;
			attributes = {
				LastSwiftMigration = 0720;
				LastSwiftUpdateCheck = 0720;
				ORGANIZATIONNAME = "Daisuke Iwata";
			};
			buildConfigurationList = 5572EE85715E8683B323A22F /* Build configuration list for PBXProject "CoreImageExam" */;
			compatibilityVersion = "Xcode 3.2";
			developmentRegion = English;
			hasScannedForEncodings = 0;
			knownRegions = (
				en,
			);
			mainGroup = 5572E01BDA209D3F7AE1DBFB;
			productRefGroup = 5572E584DECB483E5ABFED10 /* Products */;
			projectDirPath = "";
			projectRoot = "";
			targets = (
				5572EE146CB6C9F79E7D45A2 /* CoreImageExam */,
				5572E5BEBEE6EE826C8AEED6 /* CoreImageExamTests */,
			);
		};
/* End PBXProject section */

/* Begin PBXResourcesBuildPhase section */
		5572E8E807F98446041867B6 /* Resources */ = {
			isa = PBXResourcesBuildPhase;
			buildActionMask = 2147483647;
			files = (
				5572EEABFFA890CC48F462E1 /* Info.plist in Resources */,
				5572E613F5A067B39764A18C /* Assets.xcassets in Resources */,
				5572E460D55D2684FCBD0A4A /* LaunchScreen.storyboard in Resources */,
				5572EAC8A0F6F01EBDD1939D /* Main.storyboard in Resources */,
			);
			runOnlyForDeploymentPostprocessing = 0;
		};
		5572EF156639F775DFDF7CA2 /* Resources */ = {
			isa = PBXResourcesBuildPhase;
			buildActionMask = 2147483647;
			files = (
				5572EABCDFD98B408EF2C878 /* Info.plist in Resources */,
			);
			runOnlyForDeploymentPostprocessing = 0;
		};
/* End PBXResourcesBuildPhase section */

/* Begin PBXSourcesBuildPhase section */
		5572E783580A1424AAB25086 /* Sources */ = {
			isa = PBXSourcesBuildPhase;
			buildActionMask = 2147483647;
			files = (
				5572E842441E855ADA989028 /* AppDelegate.swift in Sources */,
				7E419A241CD5C1DB004C335D /* FilterAttributeCell.swift in Sources */,
				5572E76FCD6306208E7814D4 /* TestViewController.swift in Sources */,
				7E174A521CD4EE9A00EEAFDE /* FilterDetailViewController.swift in Sources */,
				5572E05DB3D3F868EDC9B928 /* FilterListViewController.swift in Sources */,
				5572E8561AE6EDA7C68D1733 /* ImageProcessable.swift in Sources */,
				5572E6BB3270C58F3301158C /* BoxBlur.swift in Sources */,
				5572E73C0E4C59267718DB25 /* Radius.swift in Sources */,
				5572E8B8A2F0515E69682A66 /* DiscBlur.swift in Sources */,
				5572E37F5B98BA07B943E9EE /* GaussianBlur.swift in Sources */,
				5572E1F1FB03AE49700D1933 /* MaskedVariableBlur.swift in Sources */,
				5572E2E9704342B44E146773 /* Mask.swift in Sources */,
				5572E4B7A3DC337CBB5254E0 /* MedianFilter.swift in Sources */,
				5572E630615BC8EEE7103947 /* MotionBlur.swift in Sources */,
				5572E17BB6CD4322C95C3F8D /* Angle.swift in Sources */,
				5572E26C1D311A48E188ED1F /* NoiseReduction.swift in Sources */,
				5572E6BED04673B5D6E3BE4A /* NoiseLevel.swift in Sources */,
				5572EAD4074E2A85FD224075 /* NSNumber+Limit.swift in Sources */,
				5572E7AD140CD2571F1AAF4A /* Sharpness.swift in Sources */,
				5572ED6C4CB9CBA41926AA60 /* ZoomBlur.swift in Sources */,
				5572E2B58FE3162B1D821D68 /* Center.swift in Sources */,
				5572E1227A64A0D4CD74443E /* Amount.swift in Sources */,
				5572E0D495D2E23B8D30E754 /* ColorClamp.swift in Sources */,
				5572E93557FBA3E7F13043C1 /* ColorControls.swift in Sources */,
				5572E30C057FD24819E4D722 /* Brightness.swift in Sources */,
				5572E13606DF9F334F9922F1 /* Contrast.swift in Sources */,
				5572E65E5A775D03D1190E78 /* Saturation.swift in Sources */,
				5572E9FF47B9DB74812D22F4 /* ColorMatrix.swift in Sources */,
				5572E8F1693CF67623CE2BB0 /* ColorPolynomial.swift in Sources */,
				5572E24050C284EC980F42FD /* ExposureAdjust.swift in Sources */,
				5572E82869C96EA6BB6CD143 /* CIGammaAdjust.swift in Sources */,
				5572EB1BA3E7722F3454F7DF /* HueAdjust.swift in Sources */,
				5572E3538B47ACA70FB3250E /* LinearToSRGBToneCurve.swift in Sources */,
				5572E2F737C7BE74860F6909 /* SRGBToneCurveToLinear.swift in Sources */,
				5572EF97331D2CE0C6B44E14 /* TemperatureAndTint.swift in Sources */,
				5572E6B4E31ECFAE662B22CB /* EV.swift in Sources */,
				5572EAB9A4E93650F4EB7F99 /* ToneCurve.swift in Sources */,
				5572EF19D62400EF0BF04350 /* Vibrance.swift in Sources */,
				5572E4EAE1AF4868D8E49E53 /* WhitePointAdjust.swift in Sources */,
				5572EA1A48AA541A026EA896 /* Color.swift in Sources */,
				5572E78D473333413CA39044 /* ColorCrossPolynomial.swift in Sources */,
				5572E2388C998EDDC0AAF3D2 /* Polynomial.swift in Sources */,
				5572ECB40F245F98F287F46D /* ColorCube.swift in Sources */,
				5572ED0853A89CF74FD937C4 /* ColorCubeWithColorSpace.swift in Sources */,
				5572E7FD726F89C946897D69 /* Cube.swift in Sources */,
				5572E80ED9D7923871D104AB /* ColorInvert.swift in Sources */,
				5572E6F0158E11AACB9D66A8 /* ColorMap.swift in Sources */,
				5572EB693FAF84641850C554 /* GradientImage.swift in Sources */,
				5572EB133934BD6B5DB0F38B /* ColorMonochrome.swift in Sources */,
				5572E906874E4D0C9ACDC6D2 /* Intensity.swift in Sources */,
				5572E082E7C4A350021C2275 /* ColorPosterize.swift in Sources */,
				5572E4492FBC6E78924112F3 /* FalseColor.swift in Sources */,
				5572E08A0ABC2D5646155C5E /* CIMaskToAlpha.swift in Sources */,
				5572E7307C74E1ACE600CF3E /* MaximumComponent.swift in Sources */,
				5572E18F4957AE4ADDDB0FC6 /* MinimumComponent.swift in Sources */,
				5572E4FD8E87C99FFA643506 /* PhotoEffectChrome.swift in Sources */,
				5572E861D37594084E27F7E0 /* PhotoEffectFade.swift in Sources */,
				5572E686D8B2D67AA9584C92 /* PhotoEffectInstant.swift in Sources */,
				5572E10ADEEFFFE50434DF27 /* PhotoEffectMono.swift in Sources */,
				5572E38CDCE6BAF3225876CD /* PhotoEffectNoir.swift in Sources */,
				5572EEE052AF3E5625BA5B3A /* PhotoEffectProcess.swift in Sources */,
				5572E276276D1D4993A00CD1 /* PhotoEffectTonal.swift in Sources */,
				5572ED21508760217D966753 /* PhotoEffectTransfer.swift in Sources */,
				5572E15D85D44DC8FA723ABB /* SepiaTone.swift in Sources */,
				5572E70FFEF80911F1A685C9 /* Vignette.swift in Sources */,
				5572E55D2599EAE5881C1673 /* VignetteEffect.swift in Sources */,
			);
			runOnlyForDeploymentPostprocessing = 0;
		};
		5572EBB1AC3530AA08675DFA /* Sources */ = {
			isa = PBXSourcesBuildPhase;
			buildActionMask = 2147483647;
			files = (
				5572EAF110BA4D7B3F95812D /* CoreImageExamTests.swift in Sources */,
			);
			runOnlyForDeploymentPostprocessing = 0;
		};
/* End PBXSourcesBuildPhase section */

/* Begin PBXTargetDependency section */
		5572EFEE2067B7EB4271B37D /* PBXTargetDependency */ = {
			isa = PBXTargetDependency;
			target = 5572EE146CB6C9F79E7D45A2 /* CoreImageExam */;
			targetProxy = 5572ED23FC094709F58922C4 /* PBXContainerItemProxy */;
		};
/* End PBXTargetDependency section */

/* Begin PBXVariantGroup section */
		5572E3EF5DCC93DFF0BD73D1 /* LaunchScreen.storyboard */ = {
			isa = PBXVariantGroup;
			children = (
				5572EE96CF68F931CE8B8683 /* Base */,
			);
			name = LaunchScreen.storyboard;
			sourceTree = "<group>";
		};
		5572E3EF82D48D2B1F0B3F76 /* Main.storyboard */ = {
			isa = PBXVariantGroup;
			children = (
				5572ED00BA0E7CC791CC009D /* Base */,
			);
			name = Main.storyboard;
			sourceTree = "<group>";
		};
/* End PBXVariantGroup section */

/* Begin XCBuildConfiguration section */
		5572E1EB332E1F819D544397 /* Release */ = {
			isa = XCBuildConfiguration;
			buildSettings = {
				BUNDLE_LOADER = "$(BUILT_PRODUCTS_DIR)/CoreImageExam.app/CoreImageExam";
				INFOPLIST_FILE = CoreImageExamTests/Info.plist;
				LD_RUNPATH_SEARCH_PATHS = "$(inherited) @executable_path/Frameworks @loader_path/Frameworks";
				PRODUCT_BUNDLE_IDENTIFIER = com.dai.CoreImageExamTests;
				PRODUCT_NAME = "$(TARGET_NAME)";
				TEST_HOST = "$(BUNDLE_LOADER)";
			};
			name = Release;
		};
		5572E315D33823AAEA1FCD95 /* Debug */ = {
			isa = XCBuildConfiguration;
			buildSettings = {
				BUNDLE_LOADER = "$(BUILT_PRODUCTS_DIR)/CoreImageExam.app/CoreImageExam";
				INFOPLIST_FILE = CoreImageExamTests/Info.plist;
				LD_RUNPATH_SEARCH_PATHS = "$(inherited) @executable_path/Frameworks @loader_path/Frameworks";
				PRODUCT_BUNDLE_IDENTIFIER = com.dai.CoreImageExamTests;
				PRODUCT_NAME = "$(TARGET_NAME)";
				TEST_HOST = "$(BUNDLE_LOADER)";
			};
			name = Debug;
		};
		5572E5D3AD4A472E3D9BD659 /* Release */ = {
			isa = XCBuildConfiguration;
			buildSettings = {
				ASSETCATALOG_COMPILER_APPICON_NAME = AppIcon;
				INFOPLIST_FILE = CoreImageExam/Info.plist;
				LD_RUNPATH_SEARCH_PATHS = "$(inherited) @executable_path/Frameworks";
				PRODUCT_BUNDLE_IDENTIFIER = com.dai.CoreImageExam;
				PRODUCT_NAME = "$(TARGET_NAME)";
			};
			name = Release;
		};
		5572E6AB053F5DFA0D8DD6E7 /* Debug */ = {
			isa = XCBuildConfiguration;
			buildSettings = {
				ASSETCATALOG_COMPILER_APPICON_NAME = AppIcon;
				INFOPLIST_FILE = CoreImageExam/Info.plist;
				LD_RUNPATH_SEARCH_PATHS = "$(inherited) @executable_path/Frameworks";
				PRODUCT_BUNDLE_IDENTIFIER = com.dai.CoreImageExam;
				PRODUCT_NAME = "$(TARGET_NAME)";
			};
			name = Debug;
		};
		5572EA76E94A04F4B86698BC /* Release */ = {
			isa = XCBuildConfiguration;
			buildSettings = {
				ALWAYS_SEARCH_USER_PATHS = NO;
				CLANG_CXX_LANGUAGE_STANDARD = "gnu++0x";
				CLANG_CXX_LIBRARY = "libc++";
				CLANG_ENABLE_MODULES = YES;
				CLANG_ENABLE_OBJC_ARC = YES;
				CLANG_WARN_BOOL_CONVERSION = YES;
				CLANG_WARN_CONSTANT_CONVERSION = YES;
				CLANG_WARN_DIRECT_OBJC_ISA_USAGE = YES_ERROR;
				CLANG_WARN_EMPTY_BODY = YES;
				CLANG_WARN_ENUM_CONVERSION = YES;
				CLANG_WARN_INT_CONVERSION = YES;
				CLANG_WARN_OBJC_ROOT_CLASS = YES_ERROR;
				CLANG_WARN_UNREACHABLE_CODE = YES;
				CLANG_WARN__DUPLICATE_METHOD_MATCH = YES;
				"CODE_SIGN_IDENTITY[sdk=iphoneos*]" = "iPhone Developer";
				COPY_PHASE_STRIP = NO;
				DEBUG_INFORMATION_FORMAT = "dwarf-with-dsym";
				ENABLE_NS_ASSERTIONS = NO;
				ENABLE_STRICT_OBJC_MSGSEND = YES;
				GCC_C_LANGUAGE_STANDARD = gnu99;
				GCC_NO_COMMON_BLOCKS = YES;
				GCC_WARN_64_TO_32_BIT_CONVERSION = YES;
				GCC_WARN_ABOUT_RETURN_TYPE = YES_ERROR;
				GCC_WARN_UNDECLARED_SELECTOR = YES;
				GCC_WARN_UNINITIALIZED_AUTOS = YES_AGGRESSIVE;
				GCC_WARN_UNUSED_FUNCTION = YES;
				GCC_WARN_UNUSED_VARIABLE = YES;
				IPHONEOS_DEPLOYMENT_TARGET = 9.2;
				MTL_ENABLE_DEBUG_INFO = NO;
				SDKROOT = iphoneos;
				TARGETED_DEVICE_FAMILY = "1,2";
				VALIDATE_PRODUCT = YES;
			};
			name = Release;
		};
		5572EA855E1117C3E115F999 /* Debug */ = {
			isa = XCBuildConfiguration;
			buildSettings = {
				ALWAYS_SEARCH_USER_PATHS = NO;
				CLANG_CXX_LANGUAGE_STANDARD = "gnu++0x";
				CLANG_CXX_LIBRARY = "libc++";
				CLANG_ENABLE_MODULES = YES;
				CLANG_ENABLE_OBJC_ARC = YES;
				CLANG_WARN_BOOL_CONVERSION = YES;
				CLANG_WARN_CONSTANT_CONVERSION = YES;
				CLANG_WARN_DIRECT_OBJC_ISA_USAGE = YES_ERROR;
				CLANG_WARN_EMPTY_BODY = YES;
				CLANG_WARN_ENUM_CONVERSION = YES;
				CLANG_WARN_INT_CONVERSION = YES;
				CLANG_WARN_OBJC_ROOT_CLASS = YES_ERROR;
				CLANG_WARN_UNREACHABLE_CODE = YES;
				CLANG_WARN__DUPLICATE_METHOD_MATCH = YES;
				"CODE_SIGN_IDENTITY[sdk=iphoneos*]" = "iPhone Developer";
				COPY_PHASE_STRIP = NO;
				DEBUG_INFORMATION_FORMAT = dwarf;
				ENABLE_STRICT_OBJC_MSGSEND = YES;
				ENABLE_TESTABILITY = YES;
				GCC_C_LANGUAGE_STANDARD = gnu99;
				GCC_DYNAMIC_NO_PIC = NO;
				GCC_NO_COMMON_BLOCKS = YES;
				GCC_OPTIMIZATION_LEVEL = 0;
				GCC_PREPROCESSOR_DEFINITIONS = (
					"DEBUG=1",
					"$(inherited)",
				);
				GCC_WARN_64_TO_32_BIT_CONVERSION = YES;
				GCC_WARN_ABOUT_RETURN_TYPE = YES_ERROR;
				GCC_WARN_UNDECLARED_SELECTOR = YES;
				GCC_WARN_UNINITIALIZED_AUTOS = YES_AGGRESSIVE;
				GCC_WARN_UNUSED_FUNCTION = YES;
				GCC_WARN_UNUSED_VARIABLE = YES;
				IPHONEOS_DEPLOYMENT_TARGET = 9.2;
				MTL_ENABLE_DEBUG_INFO = YES;
				ONLY_ACTIVE_ARCH = YES;
				SDKROOT = iphoneos;
				SWIFT_OPTIMIZATION_LEVEL = "-Onone";
				TARGETED_DEVICE_FAMILY = "1,2";
			};
			name = Debug;
		};
/* End XCBuildConfiguration section */

/* Begin XCConfigurationList section */
		5572E53AEAE10D16DB7B7E04 /* Build configuration list for PBXNativeTarget "CoreImageExam" */ = {
			isa = XCConfigurationList;
			buildConfigurations = (
				5572E6AB053F5DFA0D8DD6E7 /* Debug */,
				5572E5D3AD4A472E3D9BD659 /* Release */,
			);
			defaultConfigurationIsVisible = 0;
			defaultConfigurationName = Release;
		};
		5572E7E7C1E2B5E5F0AC12A7 /* Build configuration list for PBXNativeTarget "CoreImageExamTests" */ = {
			isa = XCConfigurationList;
			buildConfigurations = (
				5572E315D33823AAEA1FCD95 /* Debug */,
				5572E1EB332E1F819D544397 /* Release */,
			);
			defaultConfigurationIsVisible = 0;
			defaultConfigurationName = Release;
		};
		5572EE85715E8683B323A22F /* Build configuration list for PBXProject "CoreImageExam" */ = {
			isa = XCConfigurationList;
			buildConfigurations = (
				5572EA855E1117C3E115F999 /* Debug */,
				5572EA76E94A04F4B86698BC /* Release */,
			);
			defaultConfigurationIsVisible = 0;
			defaultConfigurationName = Release;
		};
/* End XCConfigurationList section */
	};
	rootObject = 5572EA0335795221B090E538 /* Project object */;
}
